// !$*UTF8*$!
{
	archiveVersion = 1;
	classes = {
	};
	objectVersion = 46;
	objects = {

/* Begin PBXBuildFile section */
		A823B26E1E51407200EE4FE5 /* maintab_oa_click@2x.png in Resources */ = {isa = PBXBuildFile; fileRef = A823B26A1E51407200EE4FE5 /* maintab_oa_click@2x.png */; };
		A823B26F1E51407200EE4FE5 /* maintab_oa@2x.png in Resources */ = {isa = PBXBuildFile; fileRef = A823B26B1E51407200EE4FE5 /* maintab_oa@2x.png */; };
		A823B2701E51407200EE4FE5 /* maintab_sun_click@2x.png in Resources */ = {isa = PBXBuildFile; fileRef = A823B26C1E51407200EE4FE5 /* maintab_sun_click@2x.png */; };
		A823B2711E51407200EE4FE5 /* maintab_sun@2x.png in Resources */ = {isa = PBXBuildFile; fileRef = A823B26D1E51407200EE4FE5 /* maintab_sun@2x.png */; };
		A823B2741E514B1C00EE4FE5 /* WSLBaseNetworking.m in Sources */ = {isa = PBXBuildFile; fileRef = A823B2731E514B1C00EE4FE5 /* WSLBaseNetworking.m */; };
		A823B2781E5157FA00EE4FE5 /* toppage.jpg in Resources */ = {isa = PBXBuildFile; fileRef = A823B2771E5157FA00EE4FE5 /* toppage.jpg */; };
		A823B29A1E515EDC00EE4FE5 /* EXTRuntimeExtensions.m in Sources */ = {isa = PBXBuildFile; fileRef = A823B27D1E515EDC00EE4FE5 /* EXTRuntimeExtensions.m */; };
		A823B29B1E515EDC00EE4FE5 /* EXTScope.m in Sources */ = {isa = PBXBuildFile; fileRef = A823B27F1E515EDC00EE4FE5 /* EXTScope.m */; };
		A823B29C1E515EDC00EE4FE5 /* MTLJSONAdapter.m in Sources */ = {isa = PBXBuildFile; fileRef = A823B2831E515EDC00EE4FE5 /* MTLJSONAdapter.m */; };
		A823B29D1E515EDC00EE4FE5 /* MTLManagedObjectAdapter.m in Sources */ = {isa = PBXBuildFile; fileRef = A823B2851E515EDC00EE4FE5 /* MTLManagedObjectAdapter.m */; };
		A823B29E1E515EDC00EE4FE5 /* MTLModel+NSCoding.m in Sources */ = {isa = PBXBuildFile; fileRef = A823B2871E515EDC00EE4FE5 /* MTLModel+NSCoding.m */; };
		A823B29F1E515EDC00EE4FE5 /* MTLModel.m in Sources */ = {isa = PBXBuildFile; fileRef = A823B2891E515EDC00EE4FE5 /* MTLModel.m */; };
		A823B2A01E515EDC00EE4FE5 /* MTLReflection.m in Sources */ = {isa = PBXBuildFile; fileRef = A823B28B1E515EDC00EE4FE5 /* MTLReflection.m */; };
		A823B2A11E515EDC00EE4FE5 /* MTLValueTransformer.m in Sources */ = {isa = PBXBuildFile; fileRef = A823B28D1E515EDC00EE4FE5 /* MTLValueTransformer.m */; };
		A823B2A21E515EDC00EE4FE5 /* NSArray+MTLManipulationAdditions.m in Sources */ = {isa = PBXBuildFile; fileRef = A823B28F1E515EDC00EE4FE5 /* NSArray+MTLManipulationAdditions.m */; };
		A823B2A31E515EDC00EE4FE5 /* NSDictionary+MTLManipulationAdditions.m in Sources */ = {isa = PBXBuildFile; fileRef = A823B2911E515EDC00EE4FE5 /* NSDictionary+MTLManipulationAdditions.m */; };
		A823B2A41E515EDC00EE4FE5 /* NSError+MTLModelException.m in Sources */ = {isa = PBXBuildFile; fileRef = A823B2931E515EDC00EE4FE5 /* NSError+MTLModelException.m */; };
		A823B2A51E515EDC00EE4FE5 /* NSObject+MTLComparisonAdditions.m in Sources */ = {isa = PBXBuildFile; fileRef = A823B2951E515EDC00EE4FE5 /* NSObject+MTLComparisonAdditions.m */; };
		A823B2A61E515EDC00EE4FE5 /* NSValueTransformer+MTLInversionAdditions.m in Sources */ = {isa = PBXBuildFile; fileRef = A823B2971E515EDC00EE4FE5 /* NSValueTransformer+MTLInversionAdditions.m */; };
		A823B2A71E515EDC00EE4FE5 /* NSValueTransformer+MTLPredefinedTransformerAdditions.m in Sources */ = {isa = PBXBuildFile; fileRef = A823B2991E515EDC00EE4FE5 /* NSValueTransformer+MTLPredefinedTransformerAdditions.m */; };
		A8B3BD3F1E4D6DE200861B81 /* password_pro@2x.png in Resources */ = {isa = PBXBuildFile; fileRef = A8B3BD3D1E4D6DE200861B81 /* password_pro@2x.png */; };
		A8B3BD401E4D6DE200861B81 /* personal.png in Resources */ = {isa = PBXBuildFile; fileRef = A8B3BD3E1E4D6DE200861B81 /* personal.png */; };
		A8B3BD421E4D6F4200861B81 /* username_pro@2x.png in Resources */ = {isa = PBXBuildFile; fileRef = A8B3BD411E4D6F4200861B81 /* username_pro@2x.png */; };
		A8B3BD441E4D7DFB00861B81 /* 启动页.png in Resources */ = {isa = PBXBuildFile; fileRef = A8B3BD431E4D7DFB00861B81 /* 启动页.png */; };
		A8B3BD4A1E4D7F2500861B81 /* IQButtonBarArrowLeft@2x.png in Resources */ = {isa = PBXBuildFile; fileRef = A8B3BD461E4D7F2500861B81 /* IQButtonBarArrowLeft@2x.png */; };
		A8B3BD4B1E4D7F2500861B81 /* IQButtonBarArrowRight@2x.png in Resources */ = {isa = PBXBuildFile; fileRef = A8B3BD471E4D7F2500861B81 /* IQButtonBarArrowRight@2x.png */; };
		A8B3BD4C1E4D7F2500861B81 /* IQKeyboardManager.m in Sources */ = {isa = PBXBuildFile; fileRef = A8B3BD491E4D7F2500861B81 /* IQKeyboardManager.m */; };
		A8B3BD541E4DC1DB00861B81 /* keyWord.plist in Resources */ = {isa = PBXBuildFile; fileRef = A8B3BD531E4DC1DB00861B81 /* keyWord.plist */; };
		A8B3BD5B1E4DCA3500861B81 /* AFHTTP.m in Sources */ = {isa = PBXBuildFile; fileRef = A8B3BD561E4DCA3400861B81 /* AFHTTP.m */; };
		A8B3BD5C1E4DCA3500861B81 /* BMViewController.m in Sources */ = {isa = PBXBuildFile; fileRef = A8B3BD581E4DCA3400861B81 /* BMViewController.m */; };
		A8B3BD5D1E4DCA3500861B81 /* smallCell.m in Sources */ = {isa = PBXBuildFile; fileRef = A8B3BD5A1E4DCA3500861B81 /* smallCell.m */; };
		A8B3BD601E4DCA8E00861B81 /* Hbutton.m in Sources */ = {isa = PBXBuildFile; fileRef = A8B3BD5F1E4DCA8E00861B81 /* Hbutton.m */; };
		A8B3BD831E4DCAB300861B81 /* MKAnnotationView+WebCache.m in Sources */ = {isa = PBXBuildFile; fileRef = A8B3BD631E4DCAB300861B81 /* MKAnnotationView+WebCache.m */; };
		A8B3BD841E4DCAB300861B81 /* NSData+ImageContentType.m in Sources */ = {isa = PBXBuildFile; fileRef = A8B3BD651E4DCAB300861B81 /* NSData+ImageContentType.m */; };
		A8B3BD851E4DCAB300861B81 /* SDImageCache.m in Sources */ = {isa = PBXBuildFile; fileRef = A8B3BD671E4DCAB300861B81 /* SDImageCache.m */; };
		A8B3BD861E4DCAB300861B81 /* SDWebImageCompat.m in Sources */ = {isa = PBXBuildFile; fileRef = A8B3BD691E4DCAB300861B81 /* SDWebImageCompat.m */; };
		A8B3BD871E4DCAB300861B81 /* SDWebImageDecoder.m in Sources */ = {isa = PBXBuildFile; fileRef = A8B3BD6B1E4DCAB300861B81 /* SDWebImageDecoder.m */; };
		A8B3BD881E4DCAB300861B81 /* SDWebImageDownloader.m in Sources */ = {isa = PBXBuildFile; fileRef = A8B3BD6D1E4DCAB300861B81 /* SDWebImageDownloader.m */; };
		A8B3BD891E4DCAB300861B81 /* SDWebImageDownloaderOperation.m in Sources */ = {isa = PBXBuildFile; fileRef = A8B3BD6F1E4DCAB300861B81 /* SDWebImageDownloaderOperation.m */; };
		A8B3BD8A1E4DCAB300861B81 /* SDWebImageManager.m in Sources */ = {isa = PBXBuildFile; fileRef = A8B3BD711E4DCAB300861B81 /* SDWebImageManager.m */; };
		A8B3BD8B1E4DCAB300861B81 /* SDWebImagePrefetcher.m in Sources */ = {isa = PBXBuildFile; fileRef = A8B3BD741E4DCAB300861B81 /* SDWebImagePrefetcher.m */; };
		A8B3BD8C1E4DCAB300861B81 /* UIButton+WebCache.m in Sources */ = {isa = PBXBuildFile; fileRef = A8B3BD761E4DCAB300861B81 /* UIButton+WebCache.m */; };
		A8B3BD8D1E4DCAB300861B81 /* UIImage+GIF.m in Sources */ = {isa = PBXBuildFile; fileRef = A8B3BD781E4DCAB300861B81 /* UIImage+GIF.m */; };
		A8B3BD8E1E4DCAB300861B81 /* UIImage+MultiFormat.m in Sources */ = {isa = PBXBuildFile; fileRef = A8B3BD7A1E4DCAB300861B81 /* UIImage+MultiFormat.m */; };
		A8B3BD8F1E4DCAB300861B81 /* UIImage+WebP.m in Sources */ = {isa = PBXBuildFile; fileRef = A8B3BD7C1E4DCAB300861B81 /* UIImage+WebP.m */; };
		A8B3BD901E4DCAB300861B81 /* UIImageView+HighlightedWebCache.m in Sources */ = {isa = PBXBuildFile; fileRef = A8B3BD7E1E4DCAB300861B81 /* UIImageView+HighlightedWebCache.m */; };
		A8B3BD911E4DCAB300861B81 /* UIImageView+WebCache.m in Sources */ = {isa = PBXBuildFile; fileRef = A8B3BD801E4DCAB300861B81 /* UIImageView+WebCache.m */; };
		A8B3BD921E4DCAB300861B81 /* UIView+WebCacheOperation.m in Sources */ = {isa = PBXBuildFile; fileRef = A8B3BD821E4DCAB300861B81 /* UIView+WebCacheOperation.m */; };
		A8B3BDA51E4DCB4E00861B81 /* NSData+SDDataCache.m in Sources */ = {isa = PBXBuildFile; fileRef = A8B3BD951E4DCB4E00861B81 /* NSData+SDDataCache.m */; };
		A8B3BDA61E4DCB4E00861B81 /* TAAbstractDotView.m in Sources */ = {isa = PBXBuildFile; fileRef = A8B3BD981E4DCB4E00861B81 /* TAAbstractDotView.m */; };
		A8B3BDA71E4DCB4E00861B81 /* TAAnimatedDotView.m in Sources */ = {isa = PBXBuildFile; fileRef = A8B3BD9A1E4DCB4E00861B81 /* TAAnimatedDotView.m */; };
		A8B3BDA81E4DCB4E00861B81 /* TADotView.m in Sources */ = {isa = PBXBuildFile; fileRef = A8B3BD9C1E4DCB4E00861B81 /* TADotView.m */; };
		A8B3BDA91E4DCB4E00861B81 /* TAPageControl.m in Sources */ = {isa = PBXBuildFile; fileRef = A8B3BD9E1E4DCB4E00861B81 /* TAPageControl.m */; };
		A8B3BDAA1E4DCB4E00861B81 /* SDCollectionViewCell.m in Sources */ = {isa = PBXBuildFile; fileRef = A8B3BDA01E4DCB4E00861B81 /* SDCollectionViewCell.m */; };
		A8B3BDAB1E4DCB4E00861B81 /* SDCycleScrollView.m in Sources */ = {isa = PBXBuildFile; fileRef = A8B3BDA21E4DCB4E00861B81 /* SDCycleScrollView.m */; };
		A8B3BDAC1E4DCB4E00861B81 /* UIView+SDExtension.m in Sources */ = {isa = PBXBuildFile; fileRef = A8B3BDA41E4DCB4E00861B81 /* UIView+SDExtension.m */; };
		A8B3BDAF1E4DCB7E00861B81 /* WebViewComponent.m in Sources */ = {isa = PBXBuildFile; fileRef = A8B3BDAE1E4DCB7E00861B81 /* WebViewComponent.m */; };
		A8BEFD591E6E491500F5C274 /* NetworkExtension.framework in Frameworks */ = {isa = PBXBuildFile; fileRef = A8BEFD581E6E491500F5C274 /* NetworkExtension.framework */; };
		A8BEFD5D1E6E4F2F00F5C274 /* VPNManager.m in Sources */ = {isa = PBXBuildFile; fileRef = A8BEFD5C1E6E4F2F00F5C274 /* VPNManager.m */; };
		A8C5AC601E5595B700BAF4A4 /* guidepage1.png in Resources */ = {isa = PBXBuildFile; fileRef = A8C5AC5C1E5595B700BAF4A4 /* guidepage1.png */; };
		A8C5AC611E5595B700BAF4A4 /* guidepage2.png in Resources */ = {isa = PBXBuildFile; fileRef = A8C5AC5D1E5595B700BAF4A4 /* guidepage2.png */; };
		A8C5AC621E5595B700BAF4A4 /* guidepage3.png in Resources */ = {isa = PBXBuildFile; fileRef = A8C5AC5E1E5595B700BAF4A4 /* guidepage3.png */; };
		A8C5AC631E5595B700BAF4A4 /* guidepage4.png in Resources */ = {isa = PBXBuildFile; fileRef = A8C5AC5F1E5595B700BAF4A4 /* guidepage4.png */; };
		A8C80EE31E52D99200251E49 /* errorPageView.m in Sources */ = {isa = PBXBuildFile; fileRef = A8C80EE21E52D99200251E49 /* errorPageView.m */; };
		A8C80EE51E52E08300251E49 /* errorIMG.png in Resources */ = {isa = PBXBuildFile; fileRef = A8C80EE41E52E08300251E49 /* errorIMG.png */; };
		A8C80EE71E52F58200251E49 /* stop.png in Resources */ = {isa = PBXBuildFile; fileRef = A8C80EE61E52F58200251E49 /* stop.png */; };
		A8C80EE91E52F58B00251E49 /* reclick.png in Resources */ = {isa = PBXBuildFile; fileRef = A8C80EE81E52F58B00251E49 /* reclick.png */; };
		A8F7A6391E499D8D00C18A14 /* main.m in Sources */ = {isa = PBXBuildFile; fileRef = A8F7A6381E499D8D00C18A14 /* main.m */; };
		A8F7A63C1E499D8E00C18A14 /* AppDelegate.m in Sources */ = {isa = PBXBuildFile; fileRef = A8F7A63B1E499D8E00C18A14 /* AppDelegate.m */; };
		A8F7A63F1E499D8E00C18A14 /* ViewController.m in Sources */ = {isa = PBXBuildFile; fileRef = A8F7A63E1E499D8E00C18A14 /* ViewController.m */; };
		A8F7A6421E499D8E00C18A14 /* Main.storyboard in Resources */ = {isa = PBXBuildFile; fileRef = A8F7A6401E499D8E00C18A14 /* Main.storyboard */; };
		A8F7A6441E499D8E00C18A14 /* Assets.xcassets in Resources */ = {isa = PBXBuildFile; fileRef = A8F7A6431E499D8E00C18A14 /* Assets.xcassets */; };
		A8F7A6471E499D8E00C18A14 /* LaunchScreen.storyboard in Resources */ = {isa = PBXBuildFile; fileRef = A8F7A6451E499D8E00C18A14 /* LaunchScreen.storyboard */; };
		A8F7A6521E499D8E00C18A14 /* schoolMouldTests.m in Sources */ = {isa = PBXBuildFile; fileRef = A8F7A6511E499D8E00C18A14 /* schoolMouldTests.m */; };
		A8F7A65D1E499D8E00C18A14 /* schoolMouldUITests.m in Sources */ = {isa = PBXBuildFile; fileRef = A8F7A65C1E499D8E00C18A14 /* schoolMouldUITests.m */; };
		A8F7A66C1E499DC600C18A14 /* GuideViewController.m in Sources */ = {isa = PBXBuildFile; fileRef = A8F7A66B1E499DC600C18A14 /* GuideViewController.m */; };
		A8F7A66F1E499DDB00C18A14 /* LoginViewController.m in Sources */ = {isa = PBXBuildFile; fileRef = A8F7A66E1E499DDB00C18A14 /* LoginViewController.m */; };
		A8F7A6731E499E3800C18A14 /* MainTabbarVC.m in Sources */ = {isa = PBXBuildFile; fileRef = A8F7A6721E499E3800C18A14 /* MainTabbarVC.m */; };
		A8F7A6771E49A12200C18A14 /* ASQMyShopVC.m in Sources */ = {isa = PBXBuildFile; fileRef = A8F7A6761E49A12200C18A14 /* ASQMyShopVC.m */; };
		A8F7A6AA1E49A19200C18A14 /* LICENSE in Resources */ = {isa = PBXBuildFile; fileRef = A8F7A6791E49A19200C18A14 /* LICENSE */; };
		A8F7A6AB1E49A19200C18A14 /* MJRefreshAutoFooter.m in Sources */ = {isa = PBXBuildFile; fileRef = A8F7A67D1E49A19200C18A14 /* MJRefreshAutoFooter.m */; };
		A8F7A6AC1E49A19200C18A14 /* MJRefreshBackFooter.m in Sources */ = {isa = PBXBuildFile; fileRef = A8F7A67F1E49A19200C18A14 /* MJRefreshBackFooter.m */; };
		A8F7A6AD1E49A19200C18A14 /* MJRefreshComponent.m in Sources */ = {isa = PBXBuildFile; fileRef = A8F7A6811E49A19200C18A14 /* MJRefreshComponent.m */; };
		A8F7A6AE1E49A19200C18A14 /* MJRefreshFooter.m in Sources */ = {isa = PBXBuildFile; fileRef = A8F7A6831E49A19200C18A14 /* MJRefreshFooter.m */; };
		A8F7A6AF1E49A19200C18A14 /* MJRefreshHeader.m in Sources */ = {isa = PBXBuildFile; fileRef = A8F7A6851E49A19200C18A14 /* MJRefreshHeader.m */; };
		A8F7A6B01E49A19200C18A14 /* MJRefreshAutoGifFooter.m in Sources */ = {isa = PBXBuildFile; fileRef = A8F7A68A1E49A19200C18A14 /* MJRefreshAutoGifFooter.m */; };
		A8F7A6B11E49A19200C18A14 /* MJRefreshAutoNormalFooter.m in Sources */ = {isa = PBXBuildFile; fileRef = A8F7A68C1E49A19200C18A14 /* MJRefreshAutoNormalFooter.m */; };
		A8F7A6B21E49A19200C18A14 /* MJRefreshAutoStateFooter.m in Sources */ = {isa = PBXBuildFile; fileRef = A8F7A68E1E49A19200C18A14 /* MJRefreshAutoStateFooter.m */; };
		A8F7A6B31E49A19200C18A14 /* MJRefreshBackGifFooter.m in Sources */ = {isa = PBXBuildFile; fileRef = A8F7A6911E49A19200C18A14 /* MJRefreshBackGifFooter.m */; };
		A8F7A6B41E49A19200C18A14 /* MJRefreshBackNormalFooter.m in Sources */ = {isa = PBXBuildFile; fileRef = A8F7A6931E49A19200C18A14 /* MJRefreshBackNormalFooter.m */; };
		A8F7A6B51E49A19200C18A14 /* MJRefreshBackStateFooter.m in Sources */ = {isa = PBXBuildFile; fileRef = A8F7A6951E49A19200C18A14 /* MJRefreshBackStateFooter.m */; };
		A8F7A6B61E49A19200C18A14 /* MJRefreshGifHeader.m in Sources */ = {isa = PBXBuildFile; fileRef = A8F7A6981E49A19200C18A14 /* MJRefreshGifHeader.m */; };
		A8F7A6B71E49A19200C18A14 /* MJRefreshNormalHeader.m in Sources */ = {isa = PBXBuildFile; fileRef = A8F7A69A1E49A19200C18A14 /* MJRefreshNormalHeader.m */; };
		A8F7A6B81E49A19200C18A14 /* MJRefreshStateHeader.m in Sources */ = {isa = PBXBuildFile; fileRef = A8F7A69C1E49A19200C18A14 /* MJRefreshStateHeader.m */; };
		A8F7A6B91E49A19200C18A14 /* MJRefresh.bundle in Resources */ = {isa = PBXBuildFile; fileRef = A8F7A69D1E49A19200C18A14 /* MJRefresh.bundle */; };
		A8F7A6BA1E49A19200C18A14 /* MJRefreshConst.m in Sources */ = {isa = PBXBuildFile; fileRef = A8F7A6A01E49A19200C18A14 /* MJRefreshConst.m */; };
		A8F7A6BB1E49A19200C18A14 /* NSBundle+MJRefresh.m in Sources */ = {isa = PBXBuildFile; fileRef = A8F7A6A21E49A19200C18A14 /* NSBundle+MJRefresh.m */; };
		A8F7A6BC1E49A19200C18A14 /* UIScrollView+MJExtension.m in Sources */ = {isa = PBXBuildFile; fileRef = A8F7A6A41E49A19200C18A14 /* UIScrollView+MJExtension.m */; };
		A8F7A6BD1E49A19200C18A14 /* UIScrollView+MJRefresh.m in Sources */ = {isa = PBXBuildFile; fileRef = A8F7A6A61E49A19200C18A14 /* UIScrollView+MJRefresh.m */; };
		A8F7A6BE1E49A19200C18A14 /* UIView+MJExtension.m in Sources */ = {isa = PBXBuildFile; fileRef = A8F7A6A81E49A19200C18A14 /* UIView+MJExtension.m */; };
		A8F7A6BF1E49A19200C18A14 /* README.md in Sources */ = {isa = PBXBuildFile; fileRef = A8F7A6A91E49A19200C18A14 /* README.md */; };
		A8F7A6C51E49A75700C18A14 /* userManager.m in Sources */ = {isa = PBXBuildFile; fileRef = A8F7A6C41E49A75700C18A14 /* userManager.m */; };
		AACC547E7E72851D3B6C5CF9 /* Pods_schoolMould.framework in Frameworks */ = {isa = PBXBuildFile; fileRef = D3332B4E12A17001A5C07ABD /* Pods_schoolMould.framework */; };
/* End PBXBuildFile section */

/* Begin PBXContainerItemProxy section */
		A8F7A64E1E499D8E00C18A14 /* PBXContainerItemProxy */ = {
			isa = PBXContainerItemProxy;
			containerPortal = A8F7A62C1E499D8D00C18A14 /* Project object */;
			proxyType = 1;
			remoteGlobalIDString = A8F7A6331E499D8D00C18A14;
			remoteInfo = schoolMould;
		};
		A8F7A6591E499D8E00C18A14 /* PBXContainerItemProxy */ = {
			isa = PBXContainerItemProxy;
			containerPortal = A8F7A62C1E499D8D00C18A14 /* Project object */;
			proxyType = 1;
			remoteGlobalIDString = A8F7A6331E499D8D00C18A14;
			remoteInfo = schoolMould;
		};
/* End PBXContainerItemProxy section */

/* Begin PBXFileReference section */
		6921F8678FFB7ED8C064C224 /* Pods-schoolMould.release.xcconfig */ = {isa = PBXFileReference; includeInIndex = 1; lastKnownFileType = text.xcconfig; name = "Pods-schoolMould.release.xcconfig"; path = "Pods/Target Support Files/Pods-schoolMould/Pods-schoolMould.release.xcconfig"; sourceTree = "<group>"; };
		6AED8CC7DDFDCA2D3F4004CC /* Pods-schoolMould.debug.xcconfig */ = {isa = PBXFileReference; includeInIndex = 1; lastKnownFileType = text.xcconfig; name = "Pods-schoolMould.debug.xcconfig"; path = "Pods/Target Support Files/Pods-schoolMould/Pods-schoolMould.debug.xcconfig"; sourceTree = "<group>"; };
		A823B26A1E51407200EE4FE5 /* maintab_oa_click@2x.png */ = {isa = PBXFileReference; lastKnownFileType = image.png; path = "maintab_oa_click@2x.png"; sourceTree = "<group>"; };
		A823B26B1E51407200EE4FE5 /* maintab_oa@2x.png */ = {isa = PBXFileReference; lastKnownFileType = image.png; path = "maintab_oa@2x.png"; sourceTree = "<group>"; };
		A823B26C1E51407200EE4FE5 /* maintab_sun_click@2x.png */ = {isa = PBXFileReference; lastKnownFileType = image.png; path = "maintab_sun_click@2x.png"; sourceTree = "<group>"; };
		A823B26D1E51407200EE4FE5 /* maintab_sun@2x.png */ = {isa = PBXFileReference; lastKnownFileType = image.png; path = "maintab_sun@2x.png"; sourceTree = "<group>"; };
		A823B2721E514B1C00EE4FE5 /* WSLBaseNetworking.h */ = {isa = PBXFileReference; fileEncoding = 4; lastKnownFileType = sourcecode.c.h; path = WSLBaseNetworking.h; sourceTree = "<group>"; };
		A823B2731E514B1C00EE4FE5 /* WSLBaseNetworking.m */ = {isa = PBXFileReference; fileEncoding = 4; lastKnownFileType = sourcecode.c.objc; path = WSLBaseNetworking.m; sourceTree = "<group>"; };
		A823B2761E514B5E00EE4FE5 /* interface.h */ = {isa = PBXFileReference; lastKnownFileType = sourcecode.c.h; path = interface.h; sourceTree = "<group>"; };
		A823B2771E5157FA00EE4FE5 /* toppage.jpg */ = {isa = PBXFileReference; lastKnownFileType = image.jpeg; path = toppage.jpg; sourceTree = "<group>"; };
		A823B27B1E515EDC00EE4FE5 /* EXTKeyPathCoding.h */ = {isa = PBXFileReference; fileEncoding = 4; lastKnownFileType = sourcecode.c.h; path = EXTKeyPathCoding.h; sourceTree = "<group>"; };
		A823B27C1E515EDC00EE4FE5 /* EXTRuntimeExtensions.h */ = {isa = PBXFileReference; fileEncoding = 4; lastKnownFileType = sourcecode.c.h; path = EXTRuntimeExtensions.h; sourceTree = "<group>"; };
		A823B27D1E515EDC00EE4FE5 /* EXTRuntimeExtensions.m */ = {isa = PBXFileReference; fileEncoding = 4; lastKnownFileType = sourcecode.c.objc; path = EXTRuntimeExtensions.m; sourceTree = "<group>"; };
		A823B27E1E515EDC00EE4FE5 /* EXTScope.h */ = {isa = PBXFileReference; fileEncoding = 4; lastKnownFileType = sourcecode.c.h; path = EXTScope.h; sourceTree = "<group>"; };
		A823B27F1E515EDC00EE4FE5 /* EXTScope.m */ = {isa = PBXFileReference; fileEncoding = 4; lastKnownFileType = sourcecode.c.objc; path = EXTScope.m; sourceTree = "<group>"; };
		A823B2801E515EDC00EE4FE5 /* metamacros.h */ = {isa = PBXFileReference; fileEncoding = 4; lastKnownFileType = sourcecode.c.h; path = metamacros.h; sourceTree = "<group>"; };
		A823B2811E515EDC00EE4FE5 /* Mantle.h */ = {isa = PBXFileReference; fileEncoding = 4; lastKnownFileType = sourcecode.c.h; path = Mantle.h; sourceTree = "<group>"; };
		A823B2821E515EDC00EE4FE5 /* MTLJSONAdapter.h */ = {isa = PBXFileReference; fileEncoding = 4; lastKnownFileType = sourcecode.c.h; path = MTLJSONAdapter.h; sourceTree = "<group>"; };
		A823B2831E515EDC00EE4FE5 /* MTLJSONAdapter.m */ = {isa = PBXFileReference; fileEncoding = 4; lastKnownFileType = sourcecode.c.objc; path = MTLJSONAdapter.m; sourceTree = "<group>"; };
		A823B2841E515EDC00EE4FE5 /* MTLManagedObjectAdapter.h */ = {isa = PBXFileReference; fileEncoding = 4; lastKnownFileType = sourcecode.c.h; path = MTLManagedObjectAdapter.h; sourceTree = "<group>"; };
		A823B2851E515EDC00EE4FE5 /* MTLManagedObjectAdapter.m */ = {isa = PBXFileReference; fileEncoding = 4; lastKnownFileType = sourcecode.c.objc; path = MTLManagedObjectAdapter.m; sourceTree = "<group>"; };
		A823B2861E515EDC00EE4FE5 /* MTLModel+NSCoding.h */ = {isa = PBXFileReference; fileEncoding = 4; lastKnownFileType = sourcecode.c.h; path = "MTLModel+NSCoding.h"; sourceTree = "<group>"; };
		A823B2871E515EDC00EE4FE5 /* MTLModel+NSCoding.m */ = {isa = PBXFileReference; fileEncoding = 4; lastKnownFileType = sourcecode.c.objc; path = "MTLModel+NSCoding.m"; sourceTree = "<group>"; };
		A823B2881E515EDC00EE4FE5 /* MTLModel.h */ = {isa = PBXFileReference; fileEncoding = 4; lastKnownFileType = sourcecode.c.h; path = MTLModel.h; sourceTree = "<group>"; };
		A823B2891E515EDC00EE4FE5 /* MTLModel.m */ = {isa = PBXFileReference; fileEncoding = 4; lastKnownFileType = sourcecode.c.objc; path = MTLModel.m; sourceTree = "<group>"; };
		A823B28A1E515EDC00EE4FE5 /* MTLReflection.h */ = {isa = PBXFileReference; fileEncoding = 4; lastKnownFileType = sourcecode.c.h; path = MTLReflection.h; sourceTree = "<group>"; };
		A823B28B1E515EDC00EE4FE5 /* MTLReflection.m */ = {isa = PBXFileReference; fileEncoding = 4; lastKnownFileType = sourcecode.c.objc; path = MTLReflection.m; sourceTree = "<group>"; };
		A823B28C1E515EDC00EE4FE5 /* MTLValueTransformer.h */ = {isa = PBXFileReference; fileEncoding = 4; lastKnownFileType = sourcecode.c.h; path = MTLValueTransformer.h; sourceTree = "<group>"; };
		A823B28D1E515EDC00EE4FE5 /* MTLValueTransformer.m */ = {isa = PBXFileReference; fileEncoding = 4; lastKnownFileType = sourcecode.c.objc; path = MTLValueTransformer.m; sourceTree = "<group>"; };
		A823B28E1E515EDC00EE4FE5 /* NSArray+MTLManipulationAdditions.h */ = {isa = PBXFileReference; fileEncoding = 4; lastKnownFileType = sourcecode.c.h; path = "NSArray+MTLManipulationAdditions.h"; sourceTree = "<group>"; };
		A823B28F1E515EDC00EE4FE5 /* NSArray+MTLManipulationAdditions.m */ = {isa = PBXFileReference; fileEncoding = 4; lastKnownFileType = sourcecode.c.objc; path = "NSArray+MTLManipulationAdditions.m"; sourceTree = "<group>"; };
		A823B2901E515EDC00EE4FE5 /* NSDictionary+MTLManipulationAdditions.h */ = {isa = PBXFileReference; fileEncoding = 4; lastKnownFileType = sourcecode.c.h; path = "NSDictionary+MTLManipulationAdditions.h"; sourceTree = "<group>"; };
		A823B2911E515EDC00EE4FE5 /* NSDictionary+MTLManipulationAdditions.m */ = {isa = PBXFileReference; fileEncoding = 4; lastKnownFileType = sourcecode.c.objc; path = "NSDictionary+MTLManipulationAdditions.m"; sourceTree = "<group>"; };
		A823B2921E515EDC00EE4FE5 /* NSError+MTLModelException.h */ = {isa = PBXFileReference; fileEncoding = 4; lastKnownFileType = sourcecode.c.h; path = "NSError+MTLModelException.h"; sourceTree = "<group>"; };
		A823B2931E515EDC00EE4FE5 /* NSError+MTLModelException.m */ = {isa = PBXFileReference; fileEncoding = 4; lastKnownFileType = sourcecode.c.objc; path = "NSError+MTLModelException.m"; sourceTree = "<group>"; };
		A823B2941E515EDC00EE4FE5 /* NSObject+MTLComparisonAdditions.h */ = {isa = PBXFileReference; fileEncoding = 4; lastKnownFileType = sourcecode.c.h; path = "NSObject+MTLComparisonAdditions.h"; sourceTree = "<group>"; };
		A823B2951E515EDC00EE4FE5 /* NSObject+MTLComparisonAdditions.m */ = {isa = PBXFileReference; fileEncoding = 4; lastKnownFileType = sourcecode.c.objc; path = "NSObject+MTLComparisonAdditions.m"; sourceTree = "<group>"; };
		A823B2961E515EDC00EE4FE5 /* NSValueTransformer+MTLInversionAdditions.h */ = {isa = PBXFileReference; fileEncoding = 4; lastKnownFileType = sourcecode.c.h; path = "NSValueTransformer+MTLInversionAdditions.h"; sourceTree = "<group>"; };
		A823B2971E515EDC00EE4FE5 /* NSValueTransformer+MTLInversionAdditions.m */ = {isa = PBXFileReference; fileEncoding = 4; lastKnownFileType = sourcecode.c.objc; path = "NSValueTransformer+MTLInversionAdditions.m"; sourceTree = "<group>"; };
		A823B2981E515EDC00EE4FE5 /* NSValueTransformer+MTLPredefinedTransformerAdditions.h */ = {isa = PBXFileReference; fileEncoding = 4; lastKnownFileType = sourcecode.c.h; path = "NSValueTransformer+MTLPredefinedTransformerAdditions.h"; sourceTree = "<group>"; };
		A823B2991E515EDC00EE4FE5 /* NSValueTransformer+MTLPredefinedTransformerAdditions.m */ = {isa = PBXFileReference; fileEncoding = 4; lastKnownFileType = sourcecode.c.objc; path = "NSValueTransformer+MTLPredefinedTransformerAdditions.m"; sourceTree = "<group>"; };
		A8B3BD3D1E4D6DE200861B81 /* password_pro@2x.png */ = {isa = PBXFileReference; lastKnownFileType = image.png; path = "password_pro@2x.png"; sourceTree = "<group>"; };
		A8B3BD3E1E4D6DE200861B81 /* personal.png */ = {isa = PBXFileReference; lastKnownFileType = image.png; path = personal.png; sourceTree = "<group>"; };
		A8B3BD411E4D6F4200861B81 /* username_pro@2x.png */ = {isa = PBXFileReference; lastKnownFileType = image.png; path = "username_pro@2x.png"; sourceTree = "<group>"; };
		A8B3BD431E4D7DFB00861B81 /* 启动页.png */ = {isa = PBXFileReference; lastKnownFileType = image.png; path = "启动页.png"; sourceTree = "<group>"; };
		A8B3BD461E4D7F2500861B81 /* IQButtonBarArrowLeft@2x.png */ = {isa = PBXFileReference; lastKnownFileType = image.png; path = "IQButtonBarArrowLeft@2x.png"; sourceTree = "<group>"; };
		A8B3BD471E4D7F2500861B81 /* IQButtonBarArrowRight@2x.png */ = {isa = PBXFileReference; lastKnownFileType = image.png; path = "IQButtonBarArrowRight@2x.png"; sourceTree = "<group>"; };
		A8B3BD481E4D7F2500861B81 /* IQKeyboardManager.h */ = {isa = PBXFileReference; fileEncoding = 4; lastKnownFileType = sourcecode.c.h; path = IQKeyboardManager.h; sourceTree = "<group>"; };
		A8B3BD491E4D7F2500861B81 /* IQKeyboardManager.m */ = {isa = PBXFileReference; fileEncoding = 4; lastKnownFileType = sourcecode.c.objc; path = IQKeyboardManager.m; sourceTree = "<group>"; };
		A8B3BD531E4DC1DB00861B81 /* keyWord.plist */ = {isa = PBXFileReference; fileEncoding = 4; lastKnownFileType = text.plist.xml; path = keyWord.plist; sourceTree = "<group>"; };
		A8B3BD551E4DCA3400861B81 /* AFHTTP.h */ = {isa = PBXFileReference; fileEncoding = 4; lastKnownFileType = sourcecode.c.h; path = AFHTTP.h; sourceTree = "<group>"; };
		A8B3BD561E4DCA3400861B81 /* AFHTTP.m */ = {isa = PBXFileReference; fileEncoding = 4; lastKnownFileType = sourcecode.c.objc; path = AFHTTP.m; sourceTree = "<group>"; };
		A8B3BD571E4DCA3400861B81 /* BMViewController.h */ = {isa = PBXFileReference; fileEncoding = 4; lastKnownFileType = sourcecode.c.h; path = BMViewController.h; sourceTree = "<group>"; };
		A8B3BD581E4DCA3400861B81 /* BMViewController.m */ = {isa = PBXFileReference; fileEncoding = 4; lastKnownFileType = sourcecode.c.objc; path = BMViewController.m; sourceTree = "<group>"; };
		A8B3BD591E4DCA3500861B81 /* smallCell.h */ = {isa = PBXFileReference; fileEncoding = 4; lastKnownFileType = sourcecode.c.h; path = smallCell.h; sourceTree = "<group>"; };
		A8B3BD5A1E4DCA3500861B81 /* smallCell.m */ = {isa = PBXFileReference; fileEncoding = 4; lastKnownFileType = sourcecode.c.objc; path = smallCell.m; sourceTree = "<group>"; };
		A8B3BD5E1E4DCA8E00861B81 /* Hbutton.h */ = {isa = PBXFileReference; fileEncoding = 4; lastKnownFileType = sourcecode.c.h; path = Hbutton.h; sourceTree = "<group>"; };
		A8B3BD5F1E4DCA8E00861B81 /* Hbutton.m */ = {isa = PBXFileReference; fileEncoding = 4; lastKnownFileType = sourcecode.c.objc; path = Hbutton.m; sourceTree = "<group>"; };
		A8B3BD621E4DCAB300861B81 /* MKAnnotationView+WebCache.h */ = {isa = PBXFileReference; fileEncoding = 4; lastKnownFileType = sourcecode.c.h; path = "MKAnnotationView+WebCache.h"; sourceTree = "<group>"; };
		A8B3BD631E4DCAB300861B81 /* MKAnnotationView+WebCache.m */ = {isa = PBXFileReference; fileEncoding = 4; lastKnownFileType = sourcecode.c.objc; path = "MKAnnotationView+WebCache.m"; sourceTree = "<group>"; };
		A8B3BD641E4DCAB300861B81 /* NSData+ImageContentType.h */ = {isa = PBXFileReference; fileEncoding = 4; lastKnownFileType = sourcecode.c.h; path = "NSData+ImageContentType.h"; sourceTree = "<group>"; };
		A8B3BD651E4DCAB300861B81 /* NSData+ImageContentType.m */ = {isa = PBXFileReference; fileEncoding = 4; lastKnownFileType = sourcecode.c.objc; path = "NSData+ImageContentType.m"; sourceTree = "<group>"; };
		A8B3BD661E4DCAB300861B81 /* SDImageCache.h */ = {isa = PBXFileReference; fileEncoding = 4; lastKnownFileType = sourcecode.c.h; path = SDImageCache.h; sourceTree = "<group>"; };
		A8B3BD671E4DCAB300861B81 /* SDImageCache.m */ = {isa = PBXFileReference; fileEncoding = 4; lastKnownFileType = sourcecode.c.objc; path = SDImageCache.m; sourceTree = "<group>"; };
		A8B3BD681E4DCAB300861B81 /* SDWebImageCompat.h */ = {isa = PBXFileReference; fileEncoding = 4; lastKnownFileType = sourcecode.c.h; path = SDWebImageCompat.h; sourceTree = "<group>"; };
		A8B3BD691E4DCAB300861B81 /* SDWebImageCompat.m */ = {isa = PBXFileReference; fileEncoding = 4; lastKnownFileType = sourcecode.c.objc; path = SDWebImageCompat.m; sourceTree = "<group>"; };
		A8B3BD6A1E4DCAB300861B81 /* SDWebImageDecoder.h */ = {isa = PBXFileReference; fileEncoding = 4; lastKnownFileType = sourcecode.c.h; path = SDWebImageDecoder.h; sourceTree = "<group>"; };
		A8B3BD6B1E4DCAB300861B81 /* SDWebImageDecoder.m */ = {isa = PBXFileReference; fileEncoding = 4; lastKnownFileType = sourcecode.c.objc; path = SDWebImageDecoder.m; sourceTree = "<group>"; };
		A8B3BD6C1E4DCAB300861B81 /* SDWebImageDownloader.h */ = {isa = PBXFileReference; fileEncoding = 4; lastKnownFileType = sourcecode.c.h; path = SDWebImageDownloader.h; sourceTree = "<group>"; };
		A8B3BD6D1E4DCAB300861B81 /* SDWebImageDownloader.m */ = {isa = PBXFileReference; fileEncoding = 4; lastKnownFileType = sourcecode.c.objc; path = SDWebImageDownloader.m; sourceTree = "<group>"; };
		A8B3BD6E1E4DCAB300861B81 /* SDWebImageDownloaderOperation.h */ = {isa = PBXFileReference; fileEncoding = 4; lastKnownFileType = sourcecode.c.h; path = SDWebImageDownloaderOperation.h; sourceTree = "<group>"; };
		A8B3BD6F1E4DCAB300861B81 /* SDWebImageDownloaderOperation.m */ = {isa = PBXFileReference; fileEncoding = 4; lastKnownFileType = sourcecode.c.objc; path = SDWebImageDownloaderOperation.m; sourceTree = "<group>"; };
		A8B3BD701E4DCAB300861B81 /* SDWebImageManager.h */ = {isa = PBXFileReference; fileEncoding = 4; lastKnownFileType = sourcecode.c.h; path = SDWebImageManager.h; sourceTree = "<group>"; };
		A8B3BD711E4DCAB300861B81 /* SDWebImageManager.m */ = {isa = PBXFileReference; fileEncoding = 4; lastKnownFileType = sourcecode.c.objc; path = SDWebImageManager.m; sourceTree = "<group>"; };
		A8B3BD721E4DCAB300861B81 /* SDWebImageOperation.h */ = {isa = PBXFileReference; fileEncoding = 4; lastKnownFileType = sourcecode.c.h; path = SDWebImageOperation.h; sourceTree = "<group>"; };
		A8B3BD731E4DCAB300861B81 /* SDWebImagePrefetcher.h */ = {isa = PBXFileReference; fileEncoding = 4; lastKnownFileType = sourcecode.c.h; path = SDWebImagePrefetcher.h; sourceTree = "<group>"; };
		A8B3BD741E4DCAB300861B81 /* SDWebImagePrefetcher.m */ = {isa = PBXFileReference; fileEncoding = 4; lastKnownFileType = sourcecode.c.objc; path = SDWebImagePrefetcher.m; sourceTree = "<group>"; };
		A8B3BD751E4DCAB300861B81 /* UIButton+WebCache.h */ = {isa = PBXFileReference; fileEncoding = 4; lastKnownFileType = sourcecode.c.h; path = "UIButton+WebCache.h"; sourceTree = "<group>"; };
		A8B3BD761E4DCAB300861B81 /* UIButton+WebCache.m */ = {isa = PBXFileReference; fileEncoding = 4; lastKnownFileType = sourcecode.c.objc; path = "UIButton+WebCache.m"; sourceTree = "<group>"; };
		A8B3BD771E4DCAB300861B81 /* UIImage+GIF.h */ = {isa = PBXFileReference; fileEncoding = 4; lastKnownFileType = sourcecode.c.h; path = "UIImage+GIF.h"; sourceTree = "<group>"; };
		A8B3BD781E4DCAB300861B81 /* UIImage+GIF.m */ = {isa = PBXFileReference; fileEncoding = 4; lastKnownFileType = sourcecode.c.objc; path = "UIImage+GIF.m"; sourceTree = "<group>"; };
		A8B3BD791E4DCAB300861B81 /* UIImage+MultiFormat.h */ = {isa = PBXFileReference; fileEncoding = 4; lastKnownFileType = sourcecode.c.h; path = "UIImage+MultiFormat.h"; sourceTree = "<group>"; };
		A8B3BD7A1E4DCAB300861B81 /* UIImage+MultiFormat.m */ = {isa = PBXFileReference; fileEncoding = 4; lastKnownFileType = sourcecode.c.objc; path = "UIImage+MultiFormat.m"; sourceTree = "<group>"; };
		A8B3BD7B1E4DCAB300861B81 /* UIImage+WebP.h */ = {isa = PBXFileReference; fileEncoding = 4; lastKnownFileType = sourcecode.c.h; path = "UIImage+WebP.h"; sourceTree = "<group>"; };
		A8B3BD7C1E4DCAB300861B81 /* UIImage+WebP.m */ = {isa = PBXFileReference; fileEncoding = 4; lastKnownFileType = sourcecode.c.objc; path = "UIImage+WebP.m"; sourceTree = "<group>"; };
		A8B3BD7D1E4DCAB300861B81 /* UIImageView+HighlightedWebCache.h */ = {isa = PBXFileReference; fileEncoding = 4; lastKnownFileType = sourcecode.c.h; path = "UIImageView+HighlightedWebCache.h"; sourceTree = "<group>"; };
		A8B3BD7E1E4DCAB300861B81 /* UIImageView+HighlightedWebCache.m */ = {isa = PBXFileReference; fileEncoding = 4; lastKnownFileType = sourcecode.c.objc; path = "UIImageView+HighlightedWebCache.m"; sourceTree = "<group>"; };
		A8B3BD7F1E4DCAB300861B81 /* UIImageView+WebCache.h */ = {isa = PBXFileReference; fileEncoding = 4; lastKnownFileType = sourcecode.c.h; path = "UIImageView+WebCache.h"; sourceTree = "<group>"; };
		A8B3BD801E4DCAB300861B81 /* UIImageView+WebCache.m */ = {isa = PBXFileReference; fileEncoding = 4; lastKnownFileType = sourcecode.c.objc; path = "UIImageView+WebCache.m"; sourceTree = "<group>"; };
		A8B3BD811E4DCAB300861B81 /* UIView+WebCacheOperation.h */ = {isa = PBXFileReference; fileEncoding = 4; lastKnownFileType = sourcecode.c.h; path = "UIView+WebCacheOperation.h"; sourceTree = "<group>"; };
		A8B3BD821E4DCAB300861B81 /* UIView+WebCacheOperation.m */ = {isa = PBXFileReference; fileEncoding = 4; lastKnownFileType = sourcecode.c.objc; path = "UIView+WebCacheOperation.m"; sourceTree = "<group>"; };
		A8B3BD941E4DCB4E00861B81 /* NSData+SDDataCache.h */ = {isa = PBXFileReference; fileEncoding = 4; lastKnownFileType = sourcecode.c.h; path = "NSData+SDDataCache.h"; sourceTree = "<group>"; };
		A8B3BD951E4DCB4E00861B81 /* NSData+SDDataCache.m */ = {isa = PBXFileReference; fileEncoding = 4; lastKnownFileType = sourcecode.c.objc; path = "NSData+SDDataCache.m"; sourceTree = "<group>"; };
		A8B3BD971E4DCB4E00861B81 /* TAAbstractDotView.h */ = {isa = PBXFileReference; fileEncoding = 4; lastKnownFileType = sourcecode.c.h; path = TAAbstractDotView.h; sourceTree = "<group>"; };
		A8B3BD981E4DCB4E00861B81 /* TAAbstractDotView.m */ = {isa = PBXFileReference; fileEncoding = 4; lastKnownFileType = sourcecode.c.objc; path = TAAbstractDotView.m; sourceTree = "<group>"; };
		A8B3BD991E4DCB4E00861B81 /* TAAnimatedDotView.h */ = {isa = PBXFileReference; fileEncoding = 4; lastKnownFileType = sourcecode.c.h; path = TAAnimatedDotView.h; sourceTree = "<group>"; };
		A8B3BD9A1E4DCB4E00861B81 /* TAAnimatedDotView.m */ = {isa = PBXFileReference; fileEncoding = 4; lastKnownFileType = sourcecode.c.objc; path = TAAnimatedDotView.m; sourceTree = "<group>"; };
		A8B3BD9B1E4DCB4E00861B81 /* TADotView.h */ = {isa = PBXFileReference; fileEncoding = 4; lastKnownFileType = sourcecode.c.h; path = TADotView.h; sourceTree = "<group>"; };
		A8B3BD9C1E4DCB4E00861B81 /* TADotView.m */ = {isa = PBXFileReference; fileEncoding = 4; lastKnownFileType = sourcecode.c.objc; path = TADotView.m; sourceTree = "<group>"; };
		A8B3BD9D1E4DCB4E00861B81 /* TAPageControl.h */ = {isa = PBXFileReference; fileEncoding = 4; lastKnownFileType = sourcecode.c.h; path = TAPageControl.h; sourceTree = "<group>"; };
		A8B3BD9E1E4DCB4E00861B81 /* TAPageControl.m */ = {isa = PBXFileReference; fileEncoding = 4; lastKnownFileType = sourcecode.c.objc; path = TAPageControl.m; sourceTree = "<group>"; };
		A8B3BD9F1E4DCB4E00861B81 /* SDCollectionViewCell.h */ = {isa = PBXFileReference; fileEncoding = 4; lastKnownFileType = sourcecode.c.h; path = SDCollectionViewCell.h; sourceTree = "<group>"; };
		A8B3BDA01E4DCB4E00861B81 /* SDCollectionViewCell.m */ = {isa = PBXFileReference; fileEncoding = 4; lastKnownFileType = sourcecode.c.objc; path = SDCollectionViewCell.m; sourceTree = "<group>"; };
		A8B3BDA11E4DCB4E00861B81 /* SDCycleScrollView.h */ = {isa = PBXFileReference; fileEncoding = 4; lastKnownFileType = sourcecode.c.h; path = SDCycleScrollView.h; sourceTree = "<group>"; };
		A8B3BDA21E4DCB4E00861B81 /* SDCycleScrollView.m */ = {isa = PBXFileReference; fileEncoding = 4; lastKnownFileType = sourcecode.c.objc; path = SDCycleScrollView.m; sourceTree = "<group>"; };
		A8B3BDA31E4DCB4E00861B81 /* UIView+SDExtension.h */ = {isa = PBXFileReference; fileEncoding = 4; lastKnownFileType = sourcecode.c.h; path = "UIView+SDExtension.h"; sourceTree = "<group>"; };
		A8B3BDA41E4DCB4E00861B81 /* UIView+SDExtension.m */ = {isa = PBXFileReference; fileEncoding = 4; lastKnownFileType = sourcecode.c.objc; path = "UIView+SDExtension.m"; sourceTree = "<group>"; };
		A8B3BDAD1E4DCB7E00861B81 /* WebViewComponent.h */ = {isa = PBXFileReference; fileEncoding = 4; lastKnownFileType = sourcecode.c.h; path = WebViewComponent.h; sourceTree = "<group>"; };
		A8B3BDAE1E4DCB7E00861B81 /* WebViewComponent.m */ = {isa = PBXFileReference; fileEncoding = 4; lastKnownFileType = sourcecode.c.objc; path = WebViewComponent.m; sourceTree = "<group>"; };
		A8BEFD581E6E491500F5C274 /* NetworkExtension.framework */ = {isa = PBXFileReference; lastKnownFileType = wrapper.framework; name = NetworkExtension.framework; path = System/Library/Frameworks/NetworkExtension.framework; sourceTree = SDKROOT; };
		A8BEFD5A1E6E491500F5C274 /* schoolMould.entitlements */ = {isa = PBXFileReference; lastKnownFileType = text.plist.entitlements; path = schoolMould.entitlements; sourceTree = "<group>"; };
		A8BEFD5B1E6E4F2F00F5C274 /* VPNManager.h */ = {isa = PBXFileReference; fileEncoding = 4; lastKnownFileType = sourcecode.c.h; path = VPNManager.h; sourceTree = "<group>"; };
		A8BEFD5C1E6E4F2F00F5C274 /* VPNManager.m */ = {isa = PBXFileReference; fileEncoding = 4; lastKnownFileType = sourcecode.c.objc; path = VPNManager.m; sourceTree = "<group>"; };
		A8C5AC5C1E5595B700BAF4A4 /* guidepage1.png */ = {isa = PBXFileReference; lastKnownFileType = image.png; path = guidepage1.png; sourceTree = "<group>"; };
		A8C5AC5D1E5595B700BAF4A4 /* guidepage2.png */ = {isa = PBXFileReference; lastKnownFileType = image.png; path = guidepage2.png; sourceTree = "<group>"; };
		A8C5AC5E1E5595B700BAF4A4 /* guidepage3.png */ = {isa = PBXFileReference; lastKnownFileType = image.png; path = guidepage3.png; sourceTree = "<group>"; };
		A8C5AC5F1E5595B700BAF4A4 /* guidepage4.png */ = {isa = PBXFileReference; lastKnownFileType = image.png; path = guidepage4.png; sourceTree = "<group>"; };
		A8C80EE11E52D99200251E49 /* errorPageView.h */ = {isa = PBXFileReference; fileEncoding = 4; lastKnownFileType = sourcecode.c.h; path = errorPageView.h; sourceTree = "<group>"; };
		A8C80EE21E52D99200251E49 /* errorPageView.m */ = {isa = PBXFileReference; fileEncoding = 4; lastKnownFileType = sourcecode.c.objc; path = errorPageView.m; sourceTree = "<group>"; };
		A8C80EE41E52E08300251E49 /* errorIMG.png */ = {isa = PBXFileReference; lastKnownFileType = image.png; path = errorIMG.png; sourceTree = "<group>"; };
		A8C80EE61E52F58200251E49 /* stop.png */ = {isa = PBXFileReference; lastKnownFileType = image.png; path = stop.png; sourceTree = "<group>"; };
		A8C80EE81E52F58B00251E49 /* reclick.png */ = {isa = PBXFileReference; lastKnownFileType = image.png; path = reclick.png; sourceTree = "<group>"; };
		A8F7A6341E499D8D00C18A14 /* schoolMould.app */ = {isa = PBXFileReference; explicitFileType = wrapper.application; includeInIndex = 0; path = schoolMould.app; sourceTree = BUILT_PRODUCTS_DIR; };
		A8F7A6381E499D8D00C18A14 /* main.m */ = {isa = PBXFileReference; lastKnownFileType = sourcecode.c.objc; path = main.m; sourceTree = "<group>"; };
		A8F7A63A1E499D8D00C18A14 /* AppDelegate.h */ = {isa = PBXFileReference; lastKnownFileType = sourcecode.c.h; path = AppDelegate.h; sourceTree = "<group>"; };
		A8F7A63B1E499D8E00C18A14 /* AppDelegate.m */ = {isa = PBXFileReference; lastKnownFileType = sourcecode.c.objc; path = AppDelegate.m; sourceTree = "<group>"; };
		A8F7A63D1E499D8E00C18A14 /* ViewController.h */ = {isa = PBXFileReference; lastKnownFileType = sourcecode.c.h; path = ViewController.h; sourceTree = "<group>"; };
		A8F7A63E1E499D8E00C18A14 /* ViewController.m */ = {isa = PBXFileReference; lastKnownFileType = sourcecode.c.objc; path = ViewController.m; sourceTree = "<group>"; };
		A8F7A6411E499D8E00C18A14 /* Base */ = {isa = PBXFileReference; lastKnownFileType = file.storyboard; name = Base; path = Base.lproj/Main.storyboard; sourceTree = "<group>"; };
		A8F7A6431E499D8E00C18A14 /* Assets.xcassets */ = {isa = PBXFileReference; lastKnownFileType = folder.assetcatalog; path = Assets.xcassets; sourceTree = "<group>"; };
		A8F7A6461E499D8E00C18A14 /* Base */ = {isa = PBXFileReference; lastKnownFileType = file.storyboard; name = Base; path = Base.lproj/LaunchScreen.storyboard; sourceTree = "<group>"; };
		A8F7A6481E499D8E00C18A14 /* Info.plist */ = {isa = PBXFileReference; lastKnownFileType = text.plist.xml; path = Info.plist; sourceTree = "<group>"; };
		A8F7A64D1E499D8E00C18A14 /* schoolMouldTests.xctest */ = {isa = PBXFileReference; explicitFileType = wrapper.cfbundle; includeInIndex = 0; path = schoolMouldTests.xctest; sourceTree = BUILT_PRODUCTS_DIR; };
		A8F7A6511E499D8E00C18A14 /* schoolMouldTests.m */ = {isa = PBXFileReference; lastKnownFileType = sourcecode.c.objc; path = schoolMouldTests.m; sourceTree = "<group>"; };
		A8F7A6531E499D8E00C18A14 /* Info.plist */ = {isa = PBXFileReference; lastKnownFileType = text.plist.xml; path = Info.plist; sourceTree = "<group>"; };
		A8F7A6581E499D8E00C18A14 /* schoolMouldUITests.xctest */ = {isa = PBXFileReference; explicitFileType = wrapper.cfbundle; includeInIndex = 0; path = schoolMouldUITests.xctest; sourceTree = BUILT_PRODUCTS_DIR; };
		A8F7A65C1E499D8E00C18A14 /* schoolMouldUITests.m */ = {isa = PBXFileReference; lastKnownFileType = sourcecode.c.objc; path = schoolMouldUITests.m; sourceTree = "<group>"; };
		A8F7A65E1E499D8E00C18A14 /* Info.plist */ = {isa = PBXFileReference; lastKnownFileType = text.plist.xml; path = Info.plist; sourceTree = "<group>"; };
		A8F7A66A1E499DC600C18A14 /* GuideViewController.h */ = {isa = PBXFileReference; fileEncoding = 4; lastKnownFileType = sourcecode.c.h; path = GuideViewController.h; sourceTree = "<group>"; };
		A8F7A66B1E499DC600C18A14 /* GuideViewController.m */ = {isa = PBXFileReference; fileEncoding = 4; lastKnownFileType = sourcecode.c.objc; path = GuideViewController.m; sourceTree = "<group>"; };
		A8F7A66D1E499DDB00C18A14 /* LoginViewController.h */ = {isa = PBXFileReference; fileEncoding = 4; lastKnownFileType = sourcecode.c.h; path = LoginViewController.h; sourceTree = "<group>"; };
		A8F7A66E1E499DDB00C18A14 /* LoginViewController.m */ = {isa = PBXFileReference; fileEncoding = 4; lastKnownFileType = sourcecode.c.objc; path = LoginViewController.m; sourceTree = "<group>"; };
		A8F7A6711E499E3800C18A14 /* MainTabbarVC.h */ = {isa = PBXFileReference; fileEncoding = 4; lastKnownFileType = sourcecode.c.h; path = MainTabbarVC.h; sourceTree = "<group>"; };
		A8F7A6721E499E3800C18A14 /* MainTabbarVC.m */ = {isa = PBXFileReference; fileEncoding = 4; lastKnownFileType = sourcecode.c.objc; path = MainTabbarVC.m; sourceTree = "<group>"; };
		A8F7A6741E49A0BE00C18A14 /* configHead.h */ = {isa = PBXFileReference; fileEncoding = 4; lastKnownFileType = sourcecode.c.h; name = configHead.h; path = vendor/configHead.h; sourceTree = "<group>"; };
		A8F7A6751E49A12200C18A14 /* ASQMyShopVC.h */ = {isa = PBXFileReference; fileEncoding = 4; lastKnownFileType = sourcecode.c.h; path = ASQMyShopVC.h; sourceTree = "<group>"; };
		A8F7A6761E49A12200C18A14 /* ASQMyShopVC.m */ = {isa = PBXFileReference; fileEncoding = 4; lastKnownFileType = sourcecode.c.objc; path = ASQMyShopVC.m; sourceTree = "<group>"; };
		A8F7A6791E49A19200C18A14 /* LICENSE */ = {isa = PBXFileReference; fileEncoding = 4; lastKnownFileType = text; path = LICENSE; sourceTree = "<group>"; };
		A8F7A67C1E49A19200C18A14 /* MJRefreshAutoFooter.h */ = {isa = PBXFileReference; fileEncoding = 4; lastKnownFileType = sourcecode.c.h; path = MJRefreshAutoFooter.h; sourceTree = "<group>"; };
		A8F7A67D1E49A19200C18A14 /* MJRefreshAutoFooter.m */ = {isa = PBXFileReference; fileEncoding = 4; lastKnownFileType = sourcecode.c.objc; path = MJRefreshAutoFooter.m; sourceTree = "<group>"; };
		A8F7A67E1E49A19200C18A14 /* MJRefreshBackFooter.h */ = {isa = PBXFileReference; fileEncoding = 4; lastKnownFileType = sourcecode.c.h; path = MJRefreshBackFooter.h; sourceTree = "<group>"; };
		A8F7A67F1E49A19200C18A14 /* MJRefreshBackFooter.m */ = {isa = PBXFileReference; fileEncoding = 4; lastKnownFileType = sourcecode.c.objc; path = MJRefreshBackFooter.m; sourceTree = "<group>"; };
		A8F7A6801E49A19200C18A14 /* MJRefreshComponent.h */ = {isa = PBXFileReference; fileEncoding = 4; lastKnownFileType = sourcecode.c.h; path = MJRefreshComponent.h; sourceTree = "<group>"; };
		A8F7A6811E49A19200C18A14 /* MJRefreshComponent.m */ = {isa = PBXFileReference; fileEncoding = 4; lastKnownFileType = sourcecode.c.objc; path = MJRefreshComponent.m; sourceTree = "<group>"; };
		A8F7A6821E49A19200C18A14 /* MJRefreshFooter.h */ = {isa = PBXFileReference; fileEncoding = 4; lastKnownFileType = sourcecode.c.h; path = MJRefreshFooter.h; sourceTree = "<group>"; };
		A8F7A6831E49A19200C18A14 /* MJRefreshFooter.m */ = {isa = PBXFileReference; fileEncoding = 4; lastKnownFileType = sourcecode.c.objc; path = MJRefreshFooter.m; sourceTree = "<group>"; };
		A8F7A6841E49A19200C18A14 /* MJRefreshHeader.h */ = {isa = PBXFileReference; fileEncoding = 4; lastKnownFileType = sourcecode.c.h; path = MJRefreshHeader.h; sourceTree = "<group>"; };
		A8F7A6851E49A19200C18A14 /* MJRefreshHeader.m */ = {isa = PBXFileReference; fileEncoding = 4; lastKnownFileType = sourcecode.c.objc; path = MJRefreshHeader.m; sourceTree = "<group>"; };
		A8F7A6891E49A19200C18A14 /* MJRefreshAutoGifFooter.h */ = {isa = PBXFileReference; fileEncoding = 4; lastKnownFileType = sourcecode.c.h; path = MJRefreshAutoGifFooter.h; sourceTree = "<group>"; };
		A8F7A68A1E49A19200C18A14 /* MJRefreshAutoGifFooter.m */ = {isa = PBXFileReference; fileEncoding = 4; lastKnownFileType = sourcecode.c.objc; path = MJRefreshAutoGifFooter.m; sourceTree = "<group>"; };
		A8F7A68B1E49A19200C18A14 /* MJRefreshAutoNormalFooter.h */ = {isa = PBXFileReference; fileEncoding = 4; lastKnownFileType = sourcecode.c.h; path = MJRefreshAutoNormalFooter.h; sourceTree = "<group>"; };
		A8F7A68C1E49A19200C18A14 /* MJRefreshAutoNormalFooter.m */ = {isa = PBXFileReference; fileEncoding = 4; lastKnownFileType = sourcecode.c.objc; path = MJRefreshAutoNormalFooter.m; sourceTree = "<group>"; };
		A8F7A68D1E49A19200C18A14 /* MJRefreshAutoStateFooter.h */ = {isa = PBXFileReference; fileEncoding = 4; lastKnownFileType = sourcecode.c.h; path = MJRefreshAutoStateFooter.h; sourceTree = "<group>"; };
		A8F7A68E1E49A19200C18A14 /* MJRefreshAutoStateFooter.m */ = {isa = PBXFileReference; fileEncoding = 4; lastKnownFileType = sourcecode.c.objc; path = MJRefreshAutoStateFooter.m; sourceTree = "<group>"; };
		A8F7A6901E49A19200C18A14 /* MJRefreshBackGifFooter.h */ = {isa = PBXFileReference; fileEncoding = 4; lastKnownFileType = sourcecode.c.h; path = MJRefreshBackGifFooter.h; sourceTree = "<group>"; };
		A8F7A6911E49A19200C18A14 /* MJRefreshBackGifFooter.m */ = {isa = PBXFileReference; fileEncoding = 4; lastKnownFileType = sourcecode.c.objc; path = MJRefreshBackGifFooter.m; sourceTree = "<group>"; };
		A8F7A6921E49A19200C18A14 /* MJRefreshBackNormalFooter.h */ = {isa = PBXFileReference; fileEncoding = 4; lastKnownFileType = sourcecode.c.h; path = MJRefreshBackNormalFooter.h; sourceTree = "<group>"; };
		A8F7A6931E49A19200C18A14 /* MJRefreshBackNormalFooter.m */ = {isa = PBXFileReference; fileEncoding = 4; lastKnownFileType = sourcecode.c.objc; path = MJRefreshBackNormalFooter.m; sourceTree = "<group>"; };
		A8F7A6941E49A19200C18A14 /* MJRefreshBackStateFooter.h */ = {isa = PBXFileReference; fileEncoding = 4; lastKnownFileType = sourcecode.c.h; path = MJRefreshBackStateFooter.h; sourceTree = "<group>"; };
		A8F7A6951E49A19200C18A14 /* MJRefreshBackStateFooter.m */ = {isa = PBXFileReference; fileEncoding = 4; lastKnownFileType = sourcecode.c.objc; path = MJRefreshBackStateFooter.m; sourceTree = "<group>"; };
		A8F7A6971E49A19200C18A14 /* MJRefreshGifHeader.h */ = {isa = PBXFileReference; fileEncoding = 4; lastKnownFileType = sourcecode.c.h; path = MJRefreshGifHeader.h; sourceTree = "<group>"; };
		A8F7A6981E49A19200C18A14 /* MJRefreshGifHeader.m */ = {isa = PBXFileReference; fileEncoding = 4; lastKnownFileType = sourcecode.c.objc; path = MJRefreshGifHeader.m; sourceTree = "<group>"; };
		A8F7A6991E49A19200C18A14 /* MJRefreshNormalHeader.h */ = {isa = PBXFileReference; fileEncoding = 4; lastKnownFileType = sourcecode.c.h; path = MJRefreshNormalHeader.h; sourceTree = "<group>"; };
		A8F7A69A1E49A19200C18A14 /* MJRefreshNormalHeader.m */ = {isa = PBXFileReference; fileEncoding = 4; lastKnownFileType = sourcecode.c.objc; path = MJRefreshNormalHeader.m; sourceTree = "<group>"; };
		A8F7A69B1E49A19200C18A14 /* MJRefreshStateHeader.h */ = {isa = PBXFileReference; fileEncoding = 4; lastKnownFileType = sourcecode.c.h; path = MJRefreshStateHeader.h; sourceTree = "<group>"; };
		A8F7A69C1E49A19200C18A14 /* MJRefreshStateHeader.m */ = {isa = PBXFileReference; fileEncoding = 4; lastKnownFileType = sourcecode.c.objc; path = MJRefreshStateHeader.m; sourceTree = "<group>"; };
		A8F7A69D1E49A19200C18A14 /* MJRefresh.bundle */ = {isa = PBXFileReference; lastKnownFileType = "wrapper.plug-in"; path = MJRefresh.bundle; sourceTree = "<group>"; };
		A8F7A69E1E49A19200C18A14 /* MJRefresh.h */ = {isa = PBXFileReference; fileEncoding = 4; lastKnownFileType = sourcecode.c.h; path = MJRefresh.h; sourceTree = "<group>"; };
		A8F7A69F1E49A19200C18A14 /* MJRefreshConst.h */ = {isa = PBXFileReference; fileEncoding = 4; lastKnownFileType = sourcecode.c.h; path = MJRefreshConst.h; sourceTree = "<group>"; };
		A8F7A6A01E49A19200C18A14 /* MJRefreshConst.m */ = {isa = PBXFileReference; fileEncoding = 4; lastKnownFileType = sourcecode.c.objc; path = MJRefreshConst.m; sourceTree = "<group>"; };
		A8F7A6A11E49A19200C18A14 /* NSBundle+MJRefresh.h */ = {isa = PBXFileReference; fileEncoding = 4; lastKnownFileType = sourcecode.c.h; path = "NSBundle+MJRefresh.h"; sourceTree = "<group>"; };
		A8F7A6A21E49A19200C18A14 /* NSBundle+MJRefresh.m */ = {isa = PBXFileReference; fileEncoding = 4; lastKnownFileType = sourcecode.c.objc; path = "NSBundle+MJRefresh.m"; sourceTree = "<group>"; };
		A8F7A6A31E49A19200C18A14 /* UIScrollView+MJExtension.h */ = {isa = PBXFileReference; fileEncoding = 4; lastKnownFileType = sourcecode.c.h; path = "UIScrollView+MJExtension.h"; sourceTree = "<group>"; };
		A8F7A6A41E49A19200C18A14 /* UIScrollView+MJExtension.m */ = {isa = PBXFileReference; fileEncoding = 4; lastKnownFileType = sourcecode.c.objc; path = "UIScrollView+MJExtension.m"; sourceTree = "<group>"; };
		A8F7A6A51E49A19200C18A14 /* UIScrollView+MJRefresh.h */ = {isa = PBXFileReference; fileEncoding = 4; lastKnownFileType = sourcecode.c.h; path = "UIScrollView+MJRefresh.h"; sourceTree = "<group>"; };
		A8F7A6A61E49A19200C18A14 /* UIScrollView+MJRefresh.m */ = {isa = PBXFileReference; fileEncoding = 4; lastKnownFileType = sourcecode.c.objc; path = "UIScrollView+MJRefresh.m"; sourceTree = "<group>"; };
		A8F7A6A71E49A19200C18A14 /* UIView+MJExtension.h */ = {isa = PBXFileReference; fileEncoding = 4; lastKnownFileType = sourcecode.c.h; path = "UIView+MJExtension.h"; sourceTree = "<group>"; };
		A8F7A6A81E49A19200C18A14 /* UIView+MJExtension.m */ = {isa = PBXFileReference; fileEncoding = 4; lastKnownFileType = sourcecode.c.objc; path = "UIView+MJExtension.m"; sourceTree = "<group>"; };
		A8F7A6A91E49A19200C18A14 /* README.md */ = {isa = PBXFileReference; fileEncoding = 4; lastKnownFileType = net.daringfireball.markdown; path = README.md; sourceTree = "<group>"; };
		A8F7A6C31E49A75700C18A14 /* userManager.h */ = {isa = PBXFileReference; fileEncoding = 4; lastKnownFileType = sourcecode.c.h; path = userManager.h; sourceTree = "<group>"; };
		A8F7A6C41E49A75700C18A14 /* userManager.m */ = {isa = PBXFileReference; fileEncoding = 4; lastKnownFileType = sourcecode.c.objc; path = userManager.m; sourceTree = "<group>"; };
		D3332B4E12A17001A5C07ABD /* Pods_schoolMould.framework */ = {isa = PBXFileReference; explicitFileType = wrapper.framework; includeInIndex = 0; path = Pods_schoolMould.framework; sourceTree = BUILT_PRODUCTS_DIR; };
/* End PBXFileReference section */

/* Begin PBXFrameworksBuildPhase section */
		A8F7A6311E499D8D00C18A14 /* Frameworks */ = {
			isa = PBXFrameworksBuildPhase;
			buildActionMask = 2147483647;
			files = (
				AACC547E7E72851D3B6C5CF9 /* Pods_schoolMould.framework in Frameworks */,
				A8BEFD591E6E491500F5C274 /* NetworkExtension.framework in Frameworks */,
			);
			runOnlyForDeploymentPostprocessing = 0;
		};
		A8F7A64A1E499D8E00C18A14 /* Frameworks */ = {
			isa = PBXFrameworksBuildPhase;
			buildActionMask = 2147483647;
			files = (
			);
			runOnlyForDeploymentPostprocessing = 0;
		};
		A8F7A6551E499D8E00C18A14 /* Frameworks */ = {
			isa = PBXFrameworksBuildPhase;
			buildActionMask = 2147483647;
			files = (
			);
			runOnlyForDeploymentPostprocessing = 0;
		};
/* End PBXFrameworksBuildPhase section */

/* Begin PBXGroup section */
		2D67EA804390AA7C7E2C9F8E /* Pods */ = {
			isa = PBXGroup;
			children = (
				6AED8CC7DDFDCA2D3F4004CC /* Pods-schoolMould.debug.xcconfig */,
				6921F8678FFB7ED8C064C224 /* Pods-schoolMould.release.xcconfig */,
			);
			name = Pods;
			sourceTree = "<group>";
		};
		54AC2B0C9E083BEDE4505743 /* Frameworks */ = {
			isa = PBXGroup;
			children = (
				A8BEFD581E6E491500F5C274 /* NetworkExtension.framework */,
				D3332B4E12A17001A5C07ABD /* Pods_schoolMould.framework */,
			);
			name = Frameworks;
			sourceTree = "<group>";
		};
		A823B2791E515EDC00EE4FE5 /* Mantle */ = {
			isa = PBXGroup;
			children = (
				A823B27A1E515EDC00EE4FE5 /* extobjc */,
				A823B2811E515EDC00EE4FE5 /* Mantle.h */,
				A823B2821E515EDC00EE4FE5 /* MTLJSONAdapter.h */,
				A823B2831E515EDC00EE4FE5 /* MTLJSONAdapter.m */,
				A823B2841E515EDC00EE4FE5 /* MTLManagedObjectAdapter.h */,
				A823B2851E515EDC00EE4FE5 /* MTLManagedObjectAdapter.m */,
				A823B2861E515EDC00EE4FE5 /* MTLModel+NSCoding.h */,
				A823B2871E515EDC00EE4FE5 /* MTLModel+NSCoding.m */,
				A823B2881E515EDC00EE4FE5 /* MTLModel.h */,
				A823B2891E515EDC00EE4FE5 /* MTLModel.m */,
				A823B28A1E515EDC00EE4FE5 /* MTLReflection.h */,
				A823B28B1E515EDC00EE4FE5 /* MTLReflection.m */,
				A823B28C1E515EDC00EE4FE5 /* MTLValueTransformer.h */,
				A823B28D1E515EDC00EE4FE5 /* MTLValueTransformer.m */,
				A823B28E1E515EDC00EE4FE5 /* NSArray+MTLManipulationAdditions.h */,
				A823B28F1E515EDC00EE4FE5 /* NSArray+MTLManipulationAdditions.m */,
				A823B2901E515EDC00EE4FE5 /* NSDictionary+MTLManipulationAdditions.h */,
				A823B2911E515EDC00EE4FE5 /* NSDictionary+MTLManipulationAdditions.m */,
				A823B2921E515EDC00EE4FE5 /* NSError+MTLModelException.h */,
				A823B2931E515EDC00EE4FE5 /* NSError+MTLModelException.m */,
				A823B2941E515EDC00EE4FE5 /* NSObject+MTLComparisonAdditions.h */,
				A823B2951E515EDC00EE4FE5 /* NSObject+MTLComparisonAdditions.m */,
				A823B2961E515EDC00EE4FE5 /* NSValueTransformer+MTLInversionAdditions.h */,
				A823B2971E515EDC00EE4FE5 /* NSValueTransformer+MTLInversionAdditions.m */,
				A823B2981E515EDC00EE4FE5 /* NSValueTransformer+MTLPredefinedTransformerAdditions.h */,
				A823B2991E515EDC00EE4FE5 /* NSValueTransformer+MTLPredefinedTransformerAdditions.m */,
			);
			path = Mantle;
			sourceTree = "<group>";
		};
		A823B27A1E515EDC00EE4FE5 /* extobjc */ = {
			isa = PBXGroup;
			children = (
				A823B27B1E515EDC00EE4FE5 /* EXTKeyPathCoding.h */,
				A823B27C1E515EDC00EE4FE5 /* EXTRuntimeExtensions.h */,
				A823B27D1E515EDC00EE4FE5 /* EXTRuntimeExtensions.m */,
				A823B27E1E515EDC00EE4FE5 /* EXTScope.h */,
				A823B27F1E515EDC00EE4FE5 /* EXTScope.m */,
				A823B2801E515EDC00EE4FE5 /* metamacros.h */,
			);
			path = extobjc;
			sourceTree = "<group>";
		};
		A8B3BD3C1E4D5E5600861B81 /* image */ = {
			isa = PBXGroup;
			children = (
				A8B3BD431E4D7DFB00861B81 /* 启动页.png */,
				A8B3BD411E4D6F4200861B81 /* username_pro@2x.png */,
				A8B3BD3D1E4D6DE200861B81 /* password_pro@2x.png */,
				A8B3BD3E1E4D6DE200861B81 /* personal.png */,
				A823B26A1E51407200EE4FE5 /* maintab_oa_click@2x.png */,
				A823B26B1E51407200EE4FE5 /* maintab_oa@2x.png */,
				A823B26C1E51407200EE4FE5 /* maintab_sun_click@2x.png */,
				A823B26D1E51407200EE4FE5 /* maintab_sun@2x.png */,
				A823B2771E5157FA00EE4FE5 /* toppage.jpg */,
				A8C80EE41E52E08300251E49 /* errorIMG.png */,
				A8C80EE61E52F58200251E49 /* stop.png */,
				A8C80EE81E52F58B00251E49 /* reclick.png */,
				A8C5AC5C1E5595B700BAF4A4 /* guidepage1.png */,
				A8C5AC5D1E5595B700BAF4A4 /* guidepage2.png */,
				A8C5AC5E1E5595B700BAF4A4 /* guidepage3.png */,
				A8C5AC5F1E5595B700BAF4A4 /* guidepage4.png */,
			);
			path = image;
			sourceTree = "<group>";
		};
		A8B3BD451E4D7F2500861B81 /* IQKeyBoardManager */ = {
			isa = PBXGroup;
			children = (
				A8B3BD461E4D7F2500861B81 /* IQButtonBarArrowLeft@2x.png */,
				A8B3BD471E4D7F2500861B81 /* IQButtonBarArrowRight@2x.png */,
				A8B3BD481E4D7F2500861B81 /* IQKeyboardManager.h */,
				A8B3BD491E4D7F2500861B81 /* IQKeyboardManager.m */,
			);
			path = IQKeyBoardManager;
			sourceTree = "<group>";
		};
		A8B3BD521E4DC0C200861B81 /* bundle */ = {
			isa = PBXGroup;
			children = (
				A8B3BD531E4DC1DB00861B81 /* keyWord.plist */,
			);
			path = bundle;
			sourceTree = "<group>";
		};
		A8B3BD611E4DCAB300861B81 /* SDWebImage3.8 */ = {
			isa = PBXGroup;
			children = (
				A8B3BD621E4DCAB300861B81 /* MKAnnotationView+WebCache.h */,
				A8B3BD631E4DCAB300861B81 /* MKAnnotationView+WebCache.m */,
				A8B3BD641E4DCAB300861B81 /* NSData+ImageContentType.h */,
				A8B3BD651E4DCAB300861B81 /* NSData+ImageContentType.m */,
				A8B3BD661E4DCAB300861B81 /* SDImageCache.h */,
				A8B3BD671E4DCAB300861B81 /* SDImageCache.m */,
				A8B3BD681E4DCAB300861B81 /* SDWebImageCompat.h */,
				A8B3BD691E4DCAB300861B81 /* SDWebImageCompat.m */,
				A8B3BD6A1E4DCAB300861B81 /* SDWebImageDecoder.h */,
				A8B3BD6B1E4DCAB300861B81 /* SDWebImageDecoder.m */,
				A8B3BD6C1E4DCAB300861B81 /* SDWebImageDownloader.h */,
				A8B3BD6D1E4DCAB300861B81 /* SDWebImageDownloader.m */,
				A8B3BD6E1E4DCAB300861B81 /* SDWebImageDownloaderOperation.h */,
				A8B3BD6F1E4DCAB300861B81 /* SDWebImageDownloaderOperation.m */,
				A8B3BD701E4DCAB300861B81 /* SDWebImageManager.h */,
				A8B3BD711E4DCAB300861B81 /* SDWebImageManager.m */,
				A8B3BD721E4DCAB300861B81 /* SDWebImageOperation.h */,
				A8B3BD731E4DCAB300861B81 /* SDWebImagePrefetcher.h */,
				A8B3BD741E4DCAB300861B81 /* SDWebImagePrefetcher.m */,
				A8B3BD751E4DCAB300861B81 /* UIButton+WebCache.h */,
				A8B3BD761E4DCAB300861B81 /* UIButton+WebCache.m */,
				A8B3BD771E4DCAB300861B81 /* UIImage+GIF.h */,
				A8B3BD781E4DCAB300861B81 /* UIImage+GIF.m */,
				A8B3BD791E4DCAB300861B81 /* UIImage+MultiFormat.h */,
				A8B3BD7A1E4DCAB300861B81 /* UIImage+MultiFormat.m */,
				A8B3BD7B1E4DCAB300861B81 /* UIImage+WebP.h */,
				A8B3BD7C1E4DCAB300861B81 /* UIImage+WebP.m */,
				A8B3BD7D1E4DCAB300861B81 /* UIImageView+HighlightedWebCache.h */,
				A8B3BD7E1E4DCAB300861B81 /* UIImageView+HighlightedWebCache.m */,
				A8B3BD7F1E4DCAB300861B81 /* UIImageView+WebCache.h */,
				A8B3BD801E4DCAB300861B81 /* UIImageView+WebCache.m */,
				A8B3BD811E4DCAB300861B81 /* UIView+WebCacheOperation.h */,
				A8B3BD821E4DCAB300861B81 /* UIView+WebCacheOperation.m */,
			);
			path = SDWebImage3.8;
			sourceTree = "<group>";
		};
		A8B3BD931E4DCB4E00861B81 /* SDCycleScrollView */ = {
			isa = PBXGroup;
			children = (
				A8B3BD941E4DCB4E00861B81 /* NSData+SDDataCache.h */,
				A8B3BD951E4DCB4E00861B81 /* NSData+SDDataCache.m */,
				A8B3BD961E4DCB4E00861B81 /* PageControl */,
				A8B3BD9F1E4DCB4E00861B81 /* SDCollectionViewCell.h */,
				A8B3BDA01E4DCB4E00861B81 /* SDCollectionViewCell.m */,
				A8B3BDA11E4DCB4E00861B81 /* SDCycleScrollView.h */,
				A8B3BDA21E4DCB4E00861B81 /* SDCycleScrollView.m */,
				A8B3BDA31E4DCB4E00861B81 /* UIView+SDExtension.h */,
				A8B3BDA41E4DCB4E00861B81 /* UIView+SDExtension.m */,
			);
			path = SDCycleScrollView;
			sourceTree = "<group>";
		};
		A8B3BD961E4DCB4E00861B81 /* PageControl */ = {
			isa = PBXGroup;
			children = (
				A8B3BD971E4DCB4E00861B81 /* TAAbstractDotView.h */,
				A8B3BD981E4DCB4E00861B81 /* TAAbstractDotView.m */,
				A8B3BD991E4DCB4E00861B81 /* TAAnimatedDotView.h */,
				A8B3BD9A1E4DCB4E00861B81 /* TAAnimatedDotView.m */,
				A8B3BD9B1E4DCB4E00861B81 /* TADotView.h */,
				A8B3BD9C1E4DCB4E00861B81 /* TADotView.m */,
				A8B3BD9D1E4DCB4E00861B81 /* TAPageControl.h */,
				A8B3BD9E1E4DCB4E00861B81 /* TAPageControl.m */,
			);
			path = PageControl;
			sourceTree = "<group>";
		};
		A8F7A62B1E499D8D00C18A14 = {
			isa = PBXGroup;
			children = (
				A8F7A6361E499D8D00C18A14 /* schoolMould */,
				A8F7A6501E499D8E00C18A14 /* schoolMouldTests */,
				A8F7A65B1E499D8E00C18A14 /* schoolMouldUITests */,
				A8F7A6351E499D8D00C18A14 /* Products */,
				2D67EA804390AA7C7E2C9F8E /* Pods */,
				54AC2B0C9E083BEDE4505743 /* Frameworks */,
			);
			sourceTree = "<group>";
		};
		A8F7A6351E499D8D00C18A14 /* Products */ = {
			isa = PBXGroup;
			children = (
				A8F7A6341E499D8D00C18A14 /* schoolMould.app */,
				A8F7A64D1E499D8E00C18A14 /* schoolMouldTests.xctest */,
				A8F7A6581E499D8E00C18A14 /* schoolMouldUITests.xctest */,
			);
			name = Products;
			sourceTree = "<group>";
		};
		A8F7A6361E499D8D00C18A14 /* schoolMould */ = {
			isa = PBXGroup;
			children = (
				A8BEFD5A1E6E491500F5C274 /* schoolMould.entitlements */,
				A8B3BD521E4DC0C200861B81 /* bundle */,
				A8B3BD3C1E4D5E5600861B81 /* image */,
				A8F7A6701E499DFD00C18A14 /* vendor */,
				A8F7A6741E49A0BE00C18A14 /* configHead.h */,
				A8BEFD5B1E6E4F2F00F5C274 /* VPNManager.h */,
				A8BEFD5C1E6E4F2F00F5C274 /* VPNManager.m */,
				A8C80EE11E52D99200251E49 /* errorPageView.h */,
				A8C80EE21E52D99200251E49 /* errorPageView.m */,
				A823B2761E514B5E00EE4FE5 /* interface.h */,
				A8F7A6C31E49A75700C18A14 /* userManager.h */,
				A8F7A6C41E49A75700C18A14 /* userManager.m */,
				A8F7A66A1E499DC600C18A14 /* GuideViewController.h */,
				A8F7A66B1E499DC600C18A14 /* GuideViewController.m */,
				A8F7A66D1E499DDB00C18A14 /* LoginViewController.h */,
				A8F7A66E1E499DDB00C18A14 /* LoginViewController.m */,
				A823B2721E514B1C00EE4FE5 /* WSLBaseNetworking.h */,
				A823B2731E514B1C00EE4FE5 /* WSLBaseNetworking.m */,
				A8B3BDAD1E4DCB7E00861B81 /* WebViewComponent.h */,
				A8B3BDAE1E4DCB7E00861B81 /* WebViewComponent.m */,
				A8F7A6751E49A12200C18A14 /* ASQMyShopVC.h */,
				A8F7A6761E49A12200C18A14 /* ASQMyShopVC.m */,
				A8B3BD5E1E4DCA8E00861B81 /* Hbutton.h */,
				A8B3BD5F1E4DCA8E00861B81 /* Hbutton.m */,
				A8B3BD551E4DCA3400861B81 /* AFHTTP.h */,
				A8B3BD561E4DCA3400861B81 /* AFHTTP.m */,
				A8B3BD571E4DCA3400861B81 /* BMViewController.h */,
				A8B3BD581E4DCA3400861B81 /* BMViewController.m */,
				A8B3BD591E4DCA3500861B81 /* smallCell.h */,
				A8B3BD5A1E4DCA3500861B81 /* smallCell.m */,
				A8F7A6711E499E3800C18A14 /* MainTabbarVC.h */,
				A8F7A6721E499E3800C18A14 /* MainTabbarVC.m */,
				A8F7A63D1E499D8E00C18A14 /* ViewController.h */,
				A8F7A63E1E499D8E00C18A14 /* ViewController.m */,
				A8F7A6371E499D8D00C18A14 /* Supporting Files */,
			);
			path = schoolMould;
			sourceTree = "<group>";
		};
		A8F7A6371E499D8D00C18A14 /* Supporting Files */ = {
			isa = PBXGroup;
			children = (
				A8F7A6431E499D8E00C18A14 /* Assets.xcassets */,
				A8F7A63A1E499D8D00C18A14 /* AppDelegate.h */,
				A8F7A63B1E499D8E00C18A14 /* AppDelegate.m */,
				A8F7A6401E499D8E00C18A14 /* Main.storyboard */,
				A8F7A6451E499D8E00C18A14 /* LaunchScreen.storyboard */,
				A8F7A6481E499D8E00C18A14 /* Info.plist */,
				A8F7A6381E499D8D00C18A14 /* main.m */,
			);
			name = "Supporting Files";
			sourceTree = "<group>";
		};
		A8F7A6501E499D8E00C18A14 /* schoolMouldTests */ = {
			isa = PBXGroup;
			children = (
				A8F7A6511E499D8E00C18A14 /* schoolMouldTests.m */,
				A8F7A6531E499D8E00C18A14 /* Info.plist */,
			);
			path = schoolMouldTests;
			sourceTree = "<group>";
		};
		A8F7A65B1E499D8E00C18A14 /* schoolMouldUITests */ = {
			isa = PBXGroup;
			children = (
				A8F7A65C1E499D8E00C18A14 /* schoolMouldUITests.m */,
				A8F7A65E1E499D8E00C18A14 /* Info.plist */,
			);
			path = schoolMouldUITests;
			sourceTree = "<group>";
		};
		A8F7A6701E499DFD00C18A14 /* vendor */ = {
			isa = PBXGroup;
			children = (
				A823B2791E515EDC00EE4FE5 /* Mantle */,
				A8B3BD931E4DCB4E00861B81 /* SDCycleScrollView */,
				A8B3BD611E4DCAB300861B81 /* SDWebImage3.8 */,
				A8B3BD451E4D7F2500861B81 /* IQKeyBoardManager */,
				A8F7A6781E49A19200C18A14 /* MJRefresh */,
			);
			path = vendor;
			sourceTree = "<group>";
		};
		A8F7A6781E49A19200C18A14 /* MJRefresh */ = {
			isa = PBXGroup;
			children = (
				A8F7A6791E49A19200C18A14 /* LICENSE */,
				A8F7A67A1E49A19200C18A14 /* MJRefresh */,
				A8F7A6A91E49A19200C18A14 /* README.md */,
			);
			path = MJRefresh;
			sourceTree = "<group>";
		};
		A8F7A67A1E49A19200C18A14 /* MJRefresh */ = {
			isa = PBXGroup;
			children = (
				A8F7A67B1E49A19200C18A14 /* Base */,
				A8F7A6861E49A19200C18A14 /* Custom */,
				A8F7A69D1E49A19200C18A14 /* MJRefresh.bundle */,
				A8F7A69E1E49A19200C18A14 /* MJRefresh.h */,
				A8F7A69F1E49A19200C18A14 /* MJRefreshConst.h */,
				A8F7A6A01E49A19200C18A14 /* MJRefreshConst.m */,
				A8F7A6A11E49A19200C18A14 /* NSBundle+MJRefresh.h */,
				A8F7A6A21E49A19200C18A14 /* NSBundle+MJRefresh.m */,
				A8F7A6A31E49A19200C18A14 /* UIScrollView+MJExtension.h */,
				A8F7A6A41E49A19200C18A14 /* UIScrollView+MJExtension.m */,
				A8F7A6A51E49A19200C18A14 /* UIScrollView+MJRefresh.h */,
				A8F7A6A61E49A19200C18A14 /* UIScrollView+MJRefresh.m */,
				A8F7A6A71E49A19200C18A14 /* UIView+MJExtension.h */,
				A8F7A6A81E49A19200C18A14 /* UIView+MJExtension.m */,
			);
			path = MJRefresh;
			sourceTree = "<group>";
		};
		A8F7A67B1E49A19200C18A14 /* Base */ = {
			isa = PBXGroup;
			children = (
				A8F7A67C1E49A19200C18A14 /* MJRefreshAutoFooter.h */,
				A8F7A67D1E49A19200C18A14 /* MJRefreshAutoFooter.m */,
				A8F7A67E1E49A19200C18A14 /* MJRefreshBackFooter.h */,
				A8F7A67F1E49A19200C18A14 /* MJRefreshBackFooter.m */,
				A8F7A6801E49A19200C18A14 /* MJRefreshComponent.h */,
				A8F7A6811E49A19200C18A14 /* MJRefreshComponent.m */,
				A8F7A6821E49A19200C18A14 /* MJRefreshFooter.h */,
				A8F7A6831E49A19200C18A14 /* MJRefreshFooter.m */,
				A8F7A6841E49A19200C18A14 /* MJRefreshHeader.h */,
				A8F7A6851E49A19200C18A14 /* MJRefreshHeader.m */,
			);
			path = Base;
			sourceTree = "<group>";
		};
		A8F7A6861E49A19200C18A14 /* Custom */ = {
			isa = PBXGroup;
			children = (
				A8F7A6871E49A19200C18A14 /* Footer */,
				A8F7A6961E49A19200C18A14 /* Header */,
			);
			path = Custom;
			sourceTree = "<group>";
		};
		A8F7A6871E49A19200C18A14 /* Footer */ = {
			isa = PBXGroup;
			children = (
				A8F7A6881E49A19200C18A14 /* Auto */,
				A8F7A68F1E49A19200C18A14 /* Back */,
			);
			path = Footer;
			sourceTree = "<group>";
		};
		A8F7A6881E49A19200C18A14 /* Auto */ = {
			isa = PBXGroup;
			children = (
				A8F7A6891E49A19200C18A14 /* MJRefreshAutoGifFooter.h */,
				A8F7A68A1E49A19200C18A14 /* MJRefreshAutoGifFooter.m */,
				A8F7A68B1E49A19200C18A14 /* MJRefreshAutoNormalFooter.h */,
				A8F7A68C1E49A19200C18A14 /* MJRefreshAutoNormalFooter.m */,
				A8F7A68D1E49A19200C18A14 /* MJRefreshAutoStateFooter.h */,
				A8F7A68E1E49A19200C18A14 /* MJRefreshAutoStateFooter.m */,
			);
			path = Auto;
			sourceTree = "<group>";
		};
		A8F7A68F1E49A19200C18A14 /* Back */ = {
			isa = PBXGroup;
			children = (
				A8F7A6901E49A19200C18A14 /* MJRefreshBackGifFooter.h */,
				A8F7A6911E49A19200C18A14 /* MJRefreshBackGifFooter.m */,
				A8F7A6921E49A19200C18A14 /* MJRefreshBackNormalFooter.h */,
				A8F7A6931E49A19200C18A14 /* MJRefreshBackNormalFooter.m */,
				A8F7A6941E49A19200C18A14 /* MJRefreshBackStateFooter.h */,
				A8F7A6951E49A19200C18A14 /* MJRefreshBackStateFooter.m */,
			);
			path = Back;
			sourceTree = "<group>";
		};
		A8F7A6961E49A19200C18A14 /* Header */ = {
			isa = PBXGroup;
			children = (
				A8F7A6971E49A19200C18A14 /* MJRefreshGifHeader.h */,
				A8F7A6981E49A19200C18A14 /* MJRefreshGifHeader.m */,
				A8F7A6991E49A19200C18A14 /* MJRefreshNormalHeader.h */,
				A8F7A69A1E49A19200C18A14 /* MJRefreshNormalHeader.m */,
				A8F7A69B1E49A19200C18A14 /* MJRefreshStateHeader.h */,
				A8F7A69C1E49A19200C18A14 /* MJRefreshStateHeader.m */,
			);
			path = Header;
			sourceTree = "<group>";
		};
/* End PBXGroup section */

/* Begin PBXNativeTarget section */
		A8F7A6331E499D8D00C18A14 /* schoolMould */ = {
			isa = PBXNativeTarget;
			buildConfigurationList = A8F7A6611E499D8E00C18A14 /* Build configuration list for PBXNativeTarget "schoolMould" */;
			buildPhases = (
				0AA5D12F9C2089E981D3FE89 /* [CP] Check Pods Manifest.lock */,
				A8F7A6301E499D8D00C18A14 /* Sources */,
				A8F7A6311E499D8D00C18A14 /* Frameworks */,
				A8F7A6321E499D8D00C18A14 /* Resources */,
				4ECD8D0072DEB6FF6507BD5B /* [CP] Embed Pods Frameworks */,
				47D2E866099B7923E33F2A0C /* [CP] Copy Pods Resources */,
			);
			buildRules = (
			);
			dependencies = (
			);
			name = schoolMould;
			productName = schoolMould;
			productReference = A8F7A6341E499D8D00C18A14 /* schoolMould.app */;
			productType = "com.apple.product-type.application";
		};
		A8F7A64C1E499D8E00C18A14 /* schoolMouldTests */ = {
			isa = PBXNativeTarget;
			buildConfigurationList = A8F7A6641E499D8E00C18A14 /* Build configuration list for PBXNativeTarget "schoolMouldTests" */;
			buildPhases = (
				A8F7A6491E499D8E00C18A14 /* Sources */,
				A8F7A64A1E499D8E00C18A14 /* Frameworks */,
				A8F7A64B1E499D8E00C18A14 /* Resources */,
			);
			buildRules = (
			);
			dependencies = (
				A8F7A64F1E499D8E00C18A14 /* PBXTargetDependency */,
			);
			name = schoolMouldTests;
			productName = schoolMouldTests;
			productReference = A8F7A64D1E499D8E00C18A14 /* schoolMouldTests.xctest */;
			productType = "com.apple.product-type.bundle.unit-test";
		};
		A8F7A6571E499D8E00C18A14 /* schoolMouldUITests */ = {
			isa = PBXNativeTarget;
			buildConfigurationList = A8F7A6671E499D8E00C18A14 /* Build configuration list for PBXNativeTarget "schoolMouldUITests" */;
			buildPhases = (
				A8F7A6541E499D8E00C18A14 /* Sources */,
				A8F7A6551E499D8E00C18A14 /* Frameworks */,
				A8F7A6561E499D8E00C18A14 /* Resources */,
			);
			buildRules = (
			);
			dependencies = (
				A8F7A65A1E499D8E00C18A14 /* PBXTargetDependency */,
			);
			name = schoolMouldUITests;
			productName = schoolMouldUITests;
			productReference = A8F7A6581E499D8E00C18A14 /* schoolMouldUITests.xctest */;
			productType = "com.apple.product-type.bundle.ui-testing";
		};
/* End PBXNativeTarget section */

/* Begin PBXProject section */
		A8F7A62C1E499D8D00C18A14 /* Project object */ = {
			isa = PBXProject;
			attributes = {
				LastUpgradeCheck = 0820;
				ORGANIZATIONNAME = "方正泉";
				TargetAttributes = {
					A8F7A6331E499D8D00C18A14 = {
						CreatedOnToolsVersion = 8.2.1;
						DevelopmentTeam = X2V7RGB29W;
						ProvisioningStyle = Automatic;
						SystemCapabilities = {
							com.apple.VPNLite = {
								enabled = 1;
							};
						};
					};
					A8F7A64C1E499D8E00C18A14 = {
						CreatedOnToolsVersion = 8.2.1;
						DevelopmentTeam = X2V7RGB29W;
						ProvisioningStyle = Automatic;
						TestTargetID = A8F7A6331E499D8D00C18A14;
					};
					A8F7A6571E499D8E00C18A14 = {
						CreatedOnToolsVersion = 8.2.1;
						DevelopmentTeam = X2V7RGB29W;
						ProvisioningStyle = Automatic;
						TestTargetID = A8F7A6331E499D8D00C18A14;
					};
				};
			};
			buildConfigurationList = A8F7A62F1E499D8D00C18A14 /* Build configuration list for PBXProject "schoolMould" */;
			compatibilityVersion = "Xcode 3.2";
			developmentRegion = English;
			hasScannedForEncodings = 0;
			knownRegions = (
				en,
				Base,
			);
			mainGroup = A8F7A62B1E499D8D00C18A14;
			productRefGroup = A8F7A6351E499D8D00C18A14 /* Products */;
			projectDirPath = "";
			projectRoot = "";
			targets = (
				A8F7A6331E499D8D00C18A14 /* schoolMould */,
				A8F7A64C1E499D8E00C18A14 /* schoolMouldTests */,
				A8F7A6571E499D8E00C18A14 /* schoolMouldUITests */,
			);
		};
/* End PBXProject section */

/* Begin PBXResourcesBuildPhase section */
		A8F7A6321E499D8D00C18A14 /* Resources */ = {
			isa = PBXResourcesBuildPhase;
			buildActionMask = 2147483647;
			files = (
				A8F7A6471E499D8E00C18A14 /* LaunchScreen.storyboard in Resources */,
				A8F7A6441E499D8E00C18A14 /* Assets.xcassets in Resources */,
				A8B3BD441E4D7DFB00861B81 /* 启动页.png in Resources */,
				A823B2711E51407200EE4FE5 /* maintab_sun@2x.png in Resources */,
				A8B3BD3F1E4D6DE200861B81 /* password_pro@2x.png in Resources */,
				A8C80EE71E52F58200251E49 /* stop.png in Resources */,
				A8C5AC611E5595B700BAF4A4 /* guidepage2.png in Resources */,
				A8B3BD421E4D6F4200861B81 /* username_pro@2x.png in Resources */,
				A8C5AC631E5595B700BAF4A4 /* guidepage4.png in Resources */,
				A8C5AC621E5595B700BAF4A4 /* guidepage3.png in Resources */,
				A8F7A6AA1E49A19200C18A14 /* LICENSE in Resources */,
				A8C5AC601E5595B700BAF4A4 /* guidepage1.png in Resources */,
				A823B2701E51407200EE4FE5 /* maintab_sun_click@2x.png in Resources */,
				A8C80EE91E52F58B00251E49 /* reclick.png in Resources */,
				A8C80EE51E52E08300251E49 /* errorIMG.png in Resources */,
				A8B3BD541E4DC1DB00861B81 /* keyWord.plist in Resources */,
				A8B3BD401E4D6DE200861B81 /* personal.png in Resources */,
				A8B3BD4A1E4D7F2500861B81 /* IQButtonBarArrowLeft@2x.png in Resources */,
				A8F7A6B91E49A19200C18A14 /* MJRefresh.bundle in Resources */,
				A823B26F1E51407200EE4FE5 /* maintab_oa@2x.png in Resources */,
				A8F7A6421E499D8E00C18A14 /* Main.storyboard in Resources */,
				A823B26E1E51407200EE4FE5 /* maintab_oa_click@2x.png in Resources */,
				A8B3BD4B1E4D7F2500861B81 /* IQButtonBarArrowRight@2x.png in Resources */,
				A823B2781E5157FA00EE4FE5 /* toppage.jpg in Resources */,
			);
			runOnlyForDeploymentPostprocessing = 0;
		};
		A8F7A64B1E499D8E00C18A14 /* Resources */ = {
			isa = PBXResourcesBuildPhase;
			buildActionMask = 2147483647;
			files = (
			);
			runOnlyForDeploymentPostprocessing = 0;
		};
		A8F7A6561E499D8E00C18A14 /* Resources */ = {
			isa = PBXResourcesBuildPhase;
			buildActionMask = 2147483647;
			files = (
			);
			runOnlyForDeploymentPostprocessing = 0;
		};
/* End PBXResourcesBuildPhase section */

/* Begin PBXShellScriptBuildPhase section */
		0AA5D12F9C2089E981D3FE89 /* [CP] Check Pods Manifest.lock */ = {
			isa = PBXShellScriptBuildPhase;
			buildActionMask = 2147483647;
			files = (
			);
			inputPaths = (
			);
			name = "[CP] Check Pods Manifest.lock";
			outputPaths = (
			);
			runOnlyForDeploymentPostprocessing = 0;
			shellPath = /bin/sh;
			shellScript = "diff \"${PODS_ROOT}/../Podfile.lock\" \"${PODS_ROOT}/Manifest.lock\" > /dev/null\nif [ $? != 0 ] ; then\n    # print error to STDERR\n    echo \"error: The sandbox is not in sync with the Podfile.lock. Run 'pod install' or update your CocoaPods installation.\" >&2\n    exit 1\nfi\n";
			showEnvVarsInLog = 0;
		};
		47D2E866099B7923E33F2A0C /* [CP] Copy Pods Resources */ = {
			isa = PBXShellScriptBuildPhase;
			buildActionMask = 2147483647;
			files = (
			);
			inputPaths = (
			);
			name = "[CP] Copy Pods Resources";
			outputPaths = (
			);
			runOnlyForDeploymentPostprocessing = 0;
			shellPath = /bin/sh;
			shellScript = "\"${SRCROOT}/Pods/Target Support Files/Pods-schoolMould/Pods-schoolMould-resources.sh\"\n";
			showEnvVarsInLog = 0;
		};
		4ECD8D0072DEB6FF6507BD5B /* [CP] Embed Pods Frameworks */ = {
			isa = PBXShellScriptBuildPhase;
			buildActionMask = 2147483647;
			files = (
			);
			inputPaths = (
			);
			name = "[CP] Embed Pods Frameworks";
			outputPaths = (
			);
			runOnlyForDeploymentPostprocessing = 0;
			shellPath = /bin/sh;
			shellScript = "\"${SRCROOT}/Pods/Target Support Files/Pods-schoolMould/Pods-schoolMould-frameworks.sh\"\n";
			showEnvVarsInLog = 0;
		};
/* End PBXShellScriptBuildPhase section */

/* Begin PBXSourcesBuildPhase section */
		A8F7A6301E499D8D00C18A14 /* Sources */ = {
			isa = PBXSourcesBuildPhase;
			buildActionMask = 2147483647;
			files = (
				A8B3BD5D1E4DCA3500861B81 /* smallCell.m in Sources */,
				A823B2A11E515EDC00EE4FE5 /* MTLValueTransformer.m in Sources */,
				A823B2A51E515EDC00EE4FE5 /* NSObject+MTLComparisonAdditions.m in Sources */,
				A8B3BD4C1E4D7F2500861B81 /* IQKeyboardManager.m in Sources */,
				A8F7A63F1E499D8E00C18A14 /* ViewController.m in Sources */,
				A8F7A6AE1E49A19200C18A14 /* MJRefreshFooter.m in Sources */,
				A823B29B1E515EDC00EE4FE5 /* EXTScope.m in Sources */,
				A8F7A6B21E49A19200C18A14 /* MJRefreshAutoStateFooter.m in Sources */,
				A8F7A66C1E499DC600C18A14 /* GuideViewController.m in Sources */,
				A823B29E1E515EDC00EE4FE5 /* MTLModel+NSCoding.m in Sources */,
				A8F7A6AD1E49A19200C18A14 /* MJRefreshComponent.m in Sources */,
				A8B3BDAB1E4DCB4E00861B81 /* SDCycleScrollView.m in Sources */,
				A8F7A6B01E49A19200C18A14 /* MJRefreshAutoGifFooter.m in Sources */,
				A8F7A6B71E49A19200C18A14 /* MJRefreshNormalHeader.m in Sources */,
				A8F7A6B41E49A19200C18A14 /* MJRefreshBackNormalFooter.m in Sources */,
				A8F7A6BA1E49A19200C18A14 /* MJRefreshConst.m in Sources */,
				A8F7A6BE1E49A19200C18A14 /* UIView+MJExtension.m in Sources */,
				A8B3BD921E4DCAB300861B81 /* UIView+WebCacheOperation.m in Sources */,
				A8B3BDA51E4DCB4E00861B81 /* NSData+SDDataCache.m in Sources */,
				A8F7A6B11E49A19200C18A14 /* MJRefreshAutoNormalFooter.m in Sources */,
				A8C80EE31E52D99200251E49 /* errorPageView.m in Sources */,
				A8B3BD871E4DCAB300861B81 /* SDWebImageDecoder.m in Sources */,
				A8F7A6B51E49A19200C18A14 /* MJRefreshBackStateFooter.m in Sources */,
				A823B29C1E515EDC00EE4FE5 /* MTLJSONAdapter.m in Sources */,
				A8B3BDA91E4DCB4E00861B81 /* TAPageControl.m in Sources */,
				A823B2A31E515EDC00EE4FE5 /* NSDictionary+MTLManipulationAdditions.m in Sources */,
				A8B3BD8A1E4DCAB300861B81 /* SDWebImageManager.m in Sources */,
				A8F7A63C1E499D8E00C18A14 /* AppDelegate.m in Sources */,
				A8B3BDAC1E4DCB4E00861B81 /* UIView+SDExtension.m in Sources */,
				A8B3BDA81E4DCB4E00861B81 /* TADotView.m in Sources */,
				A8F7A6BC1E49A19200C18A14 /* UIScrollView+MJExtension.m in Sources */,
				A8B3BD901E4DCAB300861B81 /* UIImageView+HighlightedWebCache.m in Sources */,
				A823B29A1E515EDC00EE4FE5 /* EXTRuntimeExtensions.m in Sources */,
				A8B3BDAA1E4DCB4E00861B81 /* SDCollectionViewCell.m in Sources */,
				A8B3BD8D1E4DCAB300861B81 /* UIImage+GIF.m in Sources */,
				A8B3BDAF1E4DCB7E00861B81 /* WebViewComponent.m in Sources */,
				A8F7A6BD1E49A19200C18A14 /* UIScrollView+MJRefresh.m in Sources */,
				A8B3BD851E4DCAB300861B81 /* SDImageCache.m in Sources */,
				A8B3BD831E4DCAB300861B81 /* MKAnnotationView+WebCache.m in Sources */,
				A8B3BD891E4DCAB300861B81 /* SDWebImageDownloaderOperation.m in Sources */,
				A823B2A71E515EDC00EE4FE5 /* NSValueTransformer+MTLPredefinedTransformerAdditions.m in Sources */,
				A8F7A6BF1E49A19200C18A14 /* README.md in Sources */,
				A8F7A6771E49A12200C18A14 /* ASQMyShopVC.m in Sources */,
				A823B29D1E515EDC00EE4FE5 /* MTLManagedObjectAdapter.m in Sources */,
				A8B3BD8C1E4DCAB300861B81 /* UIButton+WebCache.m in Sources */,
				A8F7A6B61E49A19200C18A14 /* MJRefreshGifHeader.m in Sources */,
				A8B3BD881E4DCAB300861B81 /* SDWebImageDownloader.m in Sources */,
				A8B3BD841E4DCAB300861B81 /* NSData+ImageContentType.m in Sources */,
				A8B3BDA61E4DCB4E00861B81 /* TAAbstractDotView.m in Sources */,
				A8BEFD5D1E6E4F2F00F5C274 /* VPNManager.m in Sources */,
				A8F7A6391E499D8D00C18A14 /* main.m in Sources */,
				A8B3BD5B1E4DCA3500861B81 /* AFHTTP.m in Sources */,
				A8F7A6AF1E49A19200C18A14 /* MJRefreshHeader.m in Sources */,
				A823B2A01E515EDC00EE4FE5 /* MTLReflection.m in Sources */,
				A823B2741E514B1C00EE4FE5 /* WSLBaseNetworking.m in Sources */,
				A8B3BD8F1E4DCAB300861B81 /* UIImage+WebP.m in Sources */,
				A8F7A66F1E499DDB00C18A14 /* LoginViewController.m in Sources */,
				A8F7A6B81E49A19200C18A14 /* MJRefreshStateHeader.m in Sources */,
				A8B3BD8B1E4DCAB300861B81 /* SDWebImagePrefetcher.m in Sources */,
				A8B3BDA71E4DCB4E00861B81 /* TAAnimatedDotView.m in Sources */,
				A8B3BD8E1E4DCAB300861B81 /* UIImage+MultiFormat.m in Sources */,
				A8B3BD861E4DCAB300861B81 /* SDWebImageCompat.m in Sources */,
				A8F7A6C51E49A75700C18A14 /* userManager.m in Sources */,
				A8F7A6AC1E49A19200C18A14 /* MJRefreshBackFooter.m in Sources */,
				A8B3BD601E4DCA8E00861B81 /* Hbutton.m in Sources */,
				A8B3BD5C1E4DCA3500861B81 /* BMViewController.m in Sources */,
				A8F7A6BB1E49A19200C18A14 /* NSBundle+MJRefresh.m in Sources */,
				A8F7A6AB1E49A19200C18A14 /* MJRefreshAutoFooter.m in Sources */,
				A823B2A61E515EDC00EE4FE5 /* NSValueTransformer+MTLInversionAdditions.m in Sources */,
				A8B3BD911E4DCAB300861B81 /* UIImageView+WebCache.m in Sources */,
				A8F7A6731E499E3800C18A14 /* MainTabbarVC.m in Sources */,
				A823B2A41E515EDC00EE4FE5 /* NSError+MTLModelException.m in Sources */,
				A8F7A6B31E49A19200C18A14 /* MJRefreshBackGifFooter.m in Sources */,
				A823B2A21E515EDC00EE4FE5 /* NSArray+MTLManipulationAdditions.m in Sources */,
				A823B29F1E515EDC00EE4FE5 /* MTLModel.m in Sources */,
			);
			runOnlyForDeploymentPostprocessing = 0;
		};
		A8F7A6491E499D8E00C18A14 /* Sources */ = {
			isa = PBXSourcesBuildPhase;
			buildActionMask = 2147483647;
			files = (
				A8F7A6521E499D8E00C18A14 /* schoolMouldTests.m in Sources */,
			);
			runOnlyForDeploymentPostprocessing = 0;
		};
		A8F7A6541E499D8E00C18A14 /* Sources */ = {
			isa = PBXSourcesBuildPhase;
			buildActionMask = 2147483647;
			files = (
				A8F7A65D1E499D8E00C18A14 /* schoolMouldUITests.m in Sources */,
			);
			runOnlyForDeploymentPostprocessing = 0;
		};
/* End PBXSourcesBuildPhase section */

/* Begin PBXTargetDependency section */
		A8F7A64F1E499D8E00C18A14 /* PBXTargetDependency */ = {
			isa = PBXTargetDependency;
			target = A8F7A6331E499D8D00C18A14 /* schoolMould */;
			targetProxy = A8F7A64E1E499D8E00C18A14 /* PBXContainerItemProxy */;
		};
		A8F7A65A1E499D8E00C18A14 /* PBXTargetDependency */ = {
			isa = PBXTargetDependency;
			target = A8F7A6331E499D8D00C18A14 /* schoolMould */;
			targetProxy = A8F7A6591E499D8E00C18A14 /* PBXContainerItemProxy */;
		};
/* End PBXTargetDependency section */

/* Begin PBXVariantGroup section */
		A8F7A6401E499D8E00C18A14 /* Main.storyboard */ = {
			isa = PBXVariantGroup;
			children = (
				A8F7A6411E499D8E00C18A14 /* Base */,
			);
			name = Main.storyboard;
			sourceTree = "<group>";
		};
		A8F7A6451E499D8E00C18A14 /* LaunchScreen.storyboard */ = {
			isa = PBXVariantGroup;
			children = (
				A8F7A6461E499D8E00C18A14 /* Base */,
			);
			name = LaunchScreen.storyboard;
			sourceTree = "<group>";
		};
/* End PBXVariantGroup section */

/* Begin XCBuildConfiguration section */
		A8F7A65F1E499D8E00C18A14 /* Debug */ = {
			isa = XCBuildConfiguration;
			buildSettings = {
				ALWAYS_SEARCH_USER_PATHS = NO;
				CLANG_ANALYZER_NONNULL = YES;
				CLANG_CXX_LANGUAGE_STANDARD = "gnu++0x";
				CLANG_CXX_LIBRARY = "libc++";
				CLANG_ENABLE_MODULES = YES;
				CLANG_ENABLE_OBJC_ARC = YES;
				CLANG_WARN_BOOL_CONVERSION = YES;
				CLANG_WARN_CONSTANT_CONVERSION = YES;
				CLANG_WARN_DIRECT_OBJC_ISA_USAGE = YES_ERROR;
				CLANG_WARN_DOCUMENTATION_COMMENTS = YES;
				CLANG_WARN_EMPTY_BODY = YES;
				CLANG_WARN_ENUM_CONVERSION = YES;
				CLANG_WARN_INFINITE_RECURSION = YES;
				CLANG_WARN_INT_CONVERSION = YES;
				CLANG_WARN_OBJC_ROOT_CLASS = YES_ERROR;
				CLANG_WARN_SUSPICIOUS_MOVE = YES;
				CLANG_WARN_UNREACHABLE_CODE = YES;
				CLANG_WARN__DUPLICATE_METHOD_MATCH = YES;
				"CODE_SIGN_IDENTITY[sdk=iphoneos*]" = "iPhone Developer";
				COPY_PHASE_STRIP = NO;
				DEBUG_INFORMATION_FORMAT = dwarf;
				ENABLE_STRICT_OBJC_MSGSEND = YES;
				ENABLE_TESTABILITY = YES;
				GCC_C_LANGUAGE_STANDARD = gnu99;
				GCC_DYNAMIC_NO_PIC = NO;
				GCC_NO_COMMON_BLOCKS = YES;
				GCC_OPTIMIZATION_LEVEL = 0;
				GCC_PREPROCESSOR_DEFINITIONS = (
					"DEBUG=1",
					"$(inherited)",
				);
				GCC_WARN_64_TO_32_BIT_CONVERSION = YES;
				GCC_WARN_ABOUT_RETURN_TYPE = YES_ERROR;
				GCC_WARN_UNDECLARED_SELECTOR = YES;
				GCC_WARN_UNINITIALIZED_AUTOS = YES_AGGRESSIVE;
				GCC_WARN_UNUSED_FUNCTION = YES;
				GCC_WARN_UNUSED_VARIABLE = YES;
				IPHONEOS_DEPLOYMENT_TARGET = 8.0;
				MTL_ENABLE_DEBUG_INFO = YES;
				ONLY_ACTIVE_ARCH = YES;
				SDKROOT = iphoneos;
			};
			name = Debug;
		};
		A8F7A6601E499D8E00C18A14 /* Release */ = {
			isa = XCBuildConfiguration;
			buildSettings = {
				ALWAYS_SEARCH_USER_PATHS = NO;
				CLANG_ANALYZER_NONNULL = YES;
				CLANG_CXX_LANGUAGE_STANDARD = "gnu++0x";
				CLANG_CXX_LIBRARY = "libc++";
				CLANG_ENABLE_MODULES = YES;
				CLANG_ENABLE_OBJC_ARC = YES;
				CLANG_WARN_BOOL_CONVERSION = YES;
				CLANG_WARN_CONSTANT_CONVERSION = YES;
				CLANG_WARN_DIRECT_OBJC_ISA_USAGE = YES_ERROR;
				CLANG_WARN_DOCUMENTATION_COMMENTS = YES;
				CLANG_WARN_EMPTY_BODY = YES;
				CLANG_WARN_ENUM_CONVERSION = YES;
				CLANG_WARN_INFINITE_RECURSION = YES;
				CLANG_WARN_INT_CONVERSION = YES;
				CLANG_WARN_OBJC_ROOT_CLASS = YES_ERROR;
				CLANG_WARN_SUSPICIOUS_MOVE = YES;
				CLANG_WARN_UNREACHABLE_CODE = YES;
				CLANG_WARN__DUPLICATE_METHOD_MATCH = YES;
				"CODE_SIGN_IDENTITY[sdk=iphoneos*]" = "iPhone Developer";
				COPY_PHASE_STRIP = NO;
				DEBUG_INFORMATION_FORMAT = "dwarf-with-dsym";
				ENABLE_NS_ASSERTIONS = NO;
				ENABLE_STRICT_OBJC_MSGSEND = YES;
				GCC_C_LANGUAGE_STANDARD = gnu99;
				GCC_NO_COMMON_BLOCKS = YES;
				GCC_WARN_64_TO_32_BIT_CONVERSION = YES;
				GCC_WARN_ABOUT_RETURN_TYPE = YES_ERROR;
				GCC_WARN_UNDECLARED_SELECTOR = YES;
				GCC_WARN_UNINITIALIZED_AUTOS = YES_AGGRESSIVE;
				GCC_WARN_UNUSED_FUNCTION = YES;
				GCC_WARN_UNUSED_VARIABLE = YES;
				IPHONEOS_DEPLOYMENT_TARGET = 8.0;
				MTL_ENABLE_DEBUG_INFO = NO;
				SDKROOT = iphoneos;
				VALIDATE_PRODUCT = YES;
			};
			name = Release;
		};
		A8F7A6621E499D8E00C18A14 /* Debug */ = {
			isa = XCBuildConfiguration;
			baseConfigurationReference = 6AED8CC7DDFDCA2D3F4004CC /* Pods-schoolMould.debug.xcconfig */;
			buildSettings = {
				ASSETCATALOG_COMPILER_APPICON_NAME = AppIcon;
				CODE_SIGN_ENTITLEMENTS = schoolMould/schoolMould.entitlements;
				DEVELOPMENT_TEAM = X2V7RGB29W;
				INFOPLIST_FILE = schoolMould/Info.plist;
				IPHONEOS_DEPLOYMENT_TARGET = 8.0;
				LD_RUNPATH_SEARCH_PATHS = "$(inherited) @executable_path/Frameworks";
				PRODUCT_BUNDLE_IDENTIFIER = wesly.fzq.schoolMould;
				PRODUCT_NAME = "$(TARGET_NAME)";
			};
			name = Debug;
		};
		A8F7A6631E499D8E00C18A14 /* Release */ = {
			isa = XCBuildConfiguration;
			baseConfigurationReference = 6921F8678FFB7ED8C064C224 /* Pods-schoolMould.release.xcconfig */;
			buildSettings = {
				ASSETCATALOG_COMPILER_APPICON_NAME = AppIcon;
				CODE_SIGN_ENTITLEMENTS = schoolMould/schoolMould.entitlements;
				DEVELOPMENT_TEAM = X2V7RGB29W;
				INFOPLIST_FILE = schoolMould/Info.plist;
				IPHONEOS_DEPLOYMENT_TARGET = 8.0;
				LD_RUNPATH_SEARCH_PATHS = "$(inherited) @executable_path/Frameworks";
				PRODUCT_BUNDLE_IDENTIFIER = wesly.fzq.schoolMould;
				PRODUCT_NAME = "$(TARGET_NAME)";
			};
			name = Release;
		};
		A8F7A6651E499D8E00C18A14 /* Debug */ = {
			isa = XCBuildConfiguration;
			buildSettings = {
				BUNDLE_LOADER = "$(TEST_HOST)";
				DEVELOPMENT_TEAM = X2V7RGB29W;
				INFOPLIST_FILE = schoolMouldTests/Info.plist;
				LD_RUNPATH_SEARCH_PATHS = "$(inherited) @executable_path/Frameworks @loader_path/Frameworks";
				PRODUCT_BUNDLE_IDENTIFIER = wesly.liangqing.schoolMouldTests;
				PRODUCT_NAME = "$(TARGET_NAME)";
				TEST_HOST = "$(BUILT_PRODUCTS_DIR)/schoolMould.app/schoolMould";
			};
			name = Debug;
		};
		A8F7A6661E499D8E00C18A14 /* Release */ = {
			isa = XCBuildConfiguration;
			buildSettings = {
				BUNDLE_LOADER = "$(TEST_HOST)";
				DEVELOPMENT_TEAM = X2V7RGB29W;
				INFOPLIST_FILE = schoolMouldTests/Info.plist;
				LD_RUNPATH_SEARCH_PATHS = "$(inherited) @executable_path/Frameworks @loader_path/Frameworks";
				PRODUCT_BUNDLE_IDENTIFIER = wesly.liangqing.schoolMouldTests;
				PRODUCT_NAME = "$(TARGET_NAME)";
				TEST_HOST = "$(BUILT_PRODUCTS_DIR)/schoolMould.app/schoolMould";
			};
			name = Release;
		};
		A8F7A6681E499D8E00C18A14 /* Debug */ = {
			isa = XCBuildConfiguration;
			buildSettings = {
				DEVELOPMENT_TEAM = X2V7RGB29W;
				INFOPLIST_FILE = schoolMouldUITests/Info.plist;
				LD_RUNPATH_SEARCH_PATHS = "$(inherited) @executable_path/Frameworks @loader_path/Frameworks";
				PRODUCT_BUNDLE_IDENTIFIER = wesly.liangqing.schoolMouldUITests;
				PRODUCT_NAME = "$(TARGET_NAME)";
				TEST_TARGET_NAME = schoolMould;
			};
			name = Debug;
		};
		A8F7A6691E499D8E00C18A14 /* Release */ = {
			isa = XCBuildConfiguration;
			buildSettings = {
				DEVELOPMENT_TEAM = X2V7RGB29W;
				INFOPLIST_FILE = schoolMouldUITests/Info.plist;
				LD_RUNPATH_SEARCH_PATHS = "$(inherited) @executable_path/Frameworks @loader_path/Frameworks";
				PRODUCT_BUNDLE_IDENTIFIER = wesly.liangqing.schoolMouldUITests;
				PRODUCT_NAME = "$(TARGET_NAME)";
				TEST_TARGET_NAME = schoolMould;
			};
			name = Release;
		};
/* End XCBuildConfiguration section */

/* Begin XCConfigurationList section */
		A8F7A62F1E499D8D00C18A14 /* Build configuration list for PBXProject "schoolMould" */ = {
			isa = XCConfigurationList;
			buildConfigurations = (
				A8F7A65F1E499D8E00C18A14 /* Debug */,
				A8F7A6601E499D8E00C18A14 /* Release */,
			);
			defaultConfigurationIsVisible = 0;
			defaultConfigurationName = Release;
		};
		A8F7A6611E499D8E00C18A14 /* Build configuration list for PBXNativeTarget "schoolMould" */ = {
			isa = XCConfigurationList;
			buildConfigurations = (
				A8F7A6621E499D8E00C18A14 /* Debug */,
				A8F7A6631E499D8E00C18A14 /* Release */,
			);
			defaultConfigurationIsVisible = 0;
			defaultConfigurationName = Release;
		};
		A8F7A6641E499D8E00C18A14 /* Build configuration list for PBXNativeTarget "schoolMouldTests" */ = {
			isa = XCConfigurationList;
			buildConfigurations = (
				A8F7A6651E499D8E00C18A14 /* Debug */,
				A8F7A6661E499D8E00C18A14 /* Release */,
			);
			defaultConfigurationIsVisible = 0;
			defaultConfigurationName = Release;
		};
		A8F7A6671E499D8E00C18A14 /* Build configuration list for PBXNativeTarget "schoolMouldUITests" */ = {
			isa = XCConfigurationList;
			buildConfigurations = (
				A8F7A6681E499D8E00C18A14 /* Debug */,
				A8F7A6691E499D8E00C18A14 /* Release */,
			);
			defaultConfigurationIsVisible = 0;
			defaultConfigurationName = Release;
		};
/* End XCConfigurationList section */
	};
	rootObject = A8F7A62C1E499D8D00C18A14 /* Project object */;
}
